// !$*UTF8*$!
{
	archiveVersion = 1;
	classes = {
	};
	objectVersion = 52;
	objects = {

/* Begin PBXAggregateTarget section */
		0598D2791C44E5F400E456A6 /* Build and Install VICE */ = {
			isa = PBXAggregateTarget;
			buildConfigurationList = 0598D27A1C44E5F400E456A6 /* Build configuration list for PBXAggregateTarget "Build and Install VICE" */;
			buildPhases = (
				0598D27F1C44E60300E456A6 /* ShellScript */,
			);
			dependencies = (
				3EEBAD9F1F4374EA00E0340A /* PBXTargetDependency */,
			);
			name = "Build and Install VICE";
			productName = "Build and Install VICE";
		};
/* End PBXAggregateTarget section */

/* Begin PBXBuildFile section */
		05A897D623EF5E00000CA1D2 /* dos2031 in Copy Drive ROM Files */ = {isa = PBXBuildFile; fileRef = 05A8973F23EF5D2C000CA1D2 /* dos2031 */; };
		05A897D723EF5E00000CA1D2 /* dos2040 in Copy Drive ROM Files */ = {isa = PBXBuildFile; fileRef = 05A8974123EF5D2C000CA1D2 /* dos2040 */; };
		05A897D823EF5E00000CA1D2 /* dos1541 in Copy Drive ROM Files */ = {isa = PBXBuildFile; fileRef = 05A8974223EF5D2C000CA1D2 /* dos1541 */; };
		05A897D923EF5E00000CA1D2 /* dos1570 in Copy Drive ROM Files */ = {isa = PBXBuildFile; fileRef = 05A8974323EF5D2C000CA1D2 /* dos1570 */; };
		05A897DA23EF5E00000CA1D2 /* dos1571 in Copy Drive ROM Files */ = {isa = PBXBuildFile; fileRef = 05A8974423EF5D2C000CA1D2 /* dos1571 */; };
		05A897DB23EF5E00000CA1D2 /* dos1540 in Copy Drive ROM Files */ = {isa = PBXBuildFile; fileRef = 05A8974523EF5D2C000CA1D2 /* dos1540 */; };
		05A897DC23EF5E00000CA1D2 /* d1541II in Copy Drive ROM Files */ = {isa = PBXBuildFile; fileRef = 05A8974623EF5D2C000CA1D2 /* d1541II */; };
		05A897DD23EF5E00000CA1D2 /* dos3040 in Copy Drive ROM Files */ = {isa = PBXBuildFile; fileRef = 05A8974723EF5D2C000CA1D2 /* dos3040 */; };
		05A897DE23EF5E00000CA1D2 /* dos4040 in Copy Drive ROM Files */ = {isa = PBXBuildFile; fileRef = 05A8974923EF5D2C000CA1D2 /* dos4040 */; };
		05A897DF23EF5E00000CA1D2 /* dos1551 in Copy Drive ROM Files */ = {isa = PBXBuildFile; fileRef = 05A8974A23EF5D2C000CA1D2 /* dos1551 */; };
		05A897E023EF5E00000CA1D2 /* d1571cr in Copy Drive ROM Files */ = {isa = PBXBuildFile; fileRef = 05A8974B23EF5D2C000CA1D2 /* d1571cr */; };
		05A897E123EF5E00000CA1D2 /* dos1001 in Copy Drive ROM Files */ = {isa = PBXBuildFile; fileRef = 05A8974C23EF5D2C000CA1D2 /* dos1001 */; };
		05A897E223EF5E00000CA1D2 /* dos1581 in Copy Drive ROM Files */ = {isa = PBXBuildFile; fileRef = 05A8974E23EF5D2C000CA1D2 /* dos1581 */; };
		05A897E323EF5E78000CA1D2 /* basic in Copy C64 ROM Files */ = {isa = PBXBuildFile; fileRef = 05A8976823EF5D2C000CA1D2 /* basic */; };
		05A897E423EF5E78000CA1D2 /* chargen in Copy C64 ROM Files */ = {isa = PBXBuildFile; fileRef = 05A8976123EF5D2C000CA1D2 /* chargen */; };
		05A897E523EF5E78000CA1D2 /* edkernal in Copy C64 ROM Files */ = {isa = PBXBuildFile; fileRef = 05A8978923EF5D2C000CA1D2 /* edkernal */; };
		05A897E623EF5E78000CA1D2 /* gskernal in Copy C64 ROM Files */ = {isa = PBXBuildFile; fileRef = 05A8975E23EF5D2C000CA1D2 /* gskernal */; };
		05A897E723EF5E78000CA1D2 /* jpchrgen in Copy C64 ROM Files */ = {isa = PBXBuildFile; fileRef = 05A8975F23EF5D2C000CA1D2 /* jpchrgen */; };
		05A897E823EF5E78000CA1D2 /* jpkernal in Copy C64 ROM Files */ = {isa = PBXBuildFile; fileRef = 05A8978523EF5D2C000CA1D2 /* jpkernal */; };
		05A897E923EF5E78000CA1D2 /* kernal in Copy C64 ROM Files */ = {isa = PBXBuildFile; fileRef = 05A8976E23EF5D2C000CA1D2 /* kernal */; };
		05A897EA23EF5E78000CA1D2 /* c64mem.sym in Copy C64 ROM Files */ = {isa = PBXBuildFile; fileRef = 05A8975623EF5D2C000CA1D2 /* c64mem.sym */; };
		05A897EB23EF5E78000CA1D2 /* sdl_joymap_ps3.vjm in Copy C64 ROM Files */ = {isa = PBXBuildFile; fileRef = 05A8977A23EF5D2C000CA1D2 /* sdl_joymap_ps3.vjm */; };
		05A897EC23EF5E78000CA1D2 /* c64hq.vpl in Copy C64 ROM Files */ = {isa = PBXBuildFile; fileRef = 05A8978123EF5D2C000CA1D2 /* c64hq.vpl */; };
		05A897ED23EF5E78000CA1D2 /* c64s.vpl in Copy C64 ROM Files */ = {isa = PBXBuildFile; fileRef = 05A8978623EF5D2C000CA1D2 /* c64s.vpl */; };
		05A897EE23EF5E78000CA1D2 /* ccs64.vpl in Copy C64 ROM Files */ = {isa = PBXBuildFile; fileRef = 05A8977B23EF5D2C000CA1D2 /* ccs64.vpl */; };
		05A897EF23EF5E78000CA1D2 /* cjam.vpl in Copy C64 ROM Files */ = {isa = PBXBuildFile; fileRef = 05A8977823EF5D2C000CA1D2 /* cjam.vpl */; };
		05A897F023EF5E78000CA1D2 /* colodore.vpl in Copy C64 ROM Files */ = {isa = PBXBuildFile; fileRef = 05A8975123EF5D2C000CA1D2 /* colodore.vpl */; };
		05A897F123EF5E78000CA1D2 /* community-colors.vpl in Copy C64 ROM Files */ = {isa = PBXBuildFile; fileRef = 05A8975723EF5D2C000CA1D2 /* community-colors.vpl */; };
		05A897F223EF5E78000CA1D2 /* deekay.vpl in Copy C64 ROM Files */ = {isa = PBXBuildFile; fileRef = 05A8977F23EF5D2C000CA1D2 /* deekay.vpl */; };
		05A897F323EF5E78000CA1D2 /* frodo.vpl in Copy C64 ROM Files */ = {isa = PBXBuildFile; fileRef = 05A8978323EF5D2C000CA1D2 /* frodo.vpl */; };
		05A897F423EF5E78000CA1D2 /* godot.vpl in Copy C64 ROM Files */ = {isa = PBXBuildFile; fileRef = 05A8975823EF5D2C000CA1D2 /* godot.vpl */; };
		05A897F523EF5E78000CA1D2 /* pc64.vpl in Copy C64 ROM Files */ = {isa = PBXBuildFile; fileRef = 05A8975323EF5D2C000CA1D2 /* pc64.vpl */; };
		05A897F623EF5E78000CA1D2 /* pepto-ntsc-sony.vpl in Copy C64 ROM Files */ = {isa = PBXBuildFile; fileRef = 05A8975C23EF5D2C000CA1D2 /* pepto-ntsc-sony.vpl */; };
		05A897F723EF5E78000CA1D2 /* pepto-ntsc.vpl in Copy C64 ROM Files */ = {isa = PBXBuildFile; fileRef = 05A8975A23EF5D2C000CA1D2 /* pepto-ntsc.vpl */; };
		05A897F823EF5E78000CA1D2 /* pepto-pal.vpl in Copy C64 ROM Files */ = {isa = PBXBuildFile; fileRef = 05A8976323EF5D2C000CA1D2 /* pepto-pal.vpl */; };
		05A897F923EF5E78000CA1D2 /* pepto-palold.vpl in Copy C64 ROM Files */ = {isa = PBXBuildFile; fileRef = 05A8976B23EF5D2C000CA1D2 /* pepto-palold.vpl */; };
		05A897FA23EF5E78000CA1D2 /* ptoing.vpl in Copy C64 ROM Files */ = {isa = PBXBuildFile; fileRef = 05A8976523EF5D2C000CA1D2 /* ptoing.vpl */; };
		05A897FB23EF5E78000CA1D2 /* rgb.vpl in Copy C64 ROM Files */ = {isa = PBXBuildFile; fileRef = 05A8977923EF5D2C000CA1D2 /* rgb.vpl */; };
		05A897FC23EF5E78000CA1D2 /* vice.vpl in Copy C64 ROM Files */ = {isa = PBXBuildFile; fileRef = 05A8976A23EF5D2C000CA1D2 /* vice.vpl */; };
		05A897FD23EF5E78000CA1D2 /* default.vrs in Copy C64 ROM Files */ = {isa = PBXBuildFile; fileRef = 05A8975D23EF5D2C000CA1D2 /* default.vrs */; };
		05A8982623F1229F000CA1D2 /* osx_pos.vkm in Copy C64 ROM Files */ = {isa = PBXBuildFile; fileRef = 05A8982423F1229F000CA1D2 /* osx_pos.vkm */; };
		05A8982723F1229F000CA1D2 /* osx_sym.vkm in Copy C64 ROM Files */ = {isa = PBXBuildFile; fileRef = 05A8982523F1229F000CA1D2 /* osx_sym.vkm */; };
		3EDA967E1F19560C0015CED2 /* ViceGameCore.m in Sources */ = {isa = PBXBuildFile; fileRef = 0598D2541C44C2FB00E456A6 /* ViceGameCore.m */; };
		3EDA96821F19560C0015CED2 /* libedit.3.0.tbd in Frameworks */ = {isa = PBXBuildFile; fileRef = 3E1BCCA31F16DA250022C2EF /* libedit.3.0.tbd */; };
		3EDA96831F19560C0015CED2 /* libz.tbd in Frameworks */ = {isa = PBXBuildFile; fileRef = 059611F81C3C47FD005C174C /* libz.tbd */; };
		3EDA96841F19560C0015CED2 /* libstdc++.tbd in Frameworks */ = {isa = PBXBuildFile; fileRef = 059611FA1C3C482C005C174C /* libstdc++.tbd */; };
		3EDA96851F19560C0015CED2 /* OpenEmuBase.framework in Frameworks */ = {isa = PBXBuildFile; fileRef = 0598D2561C44C38200E456A6 /* OpenEmuBase.framework */; };
		EE9CDCD6251DAB4D00296520 /* kernal64 in Copy C128 ROM Files */ = {isa = PBXBuildFile; fileRef = EE9CDC97251DAAAD00296520 /* kernal64 */; };
		EE9CDCD7251DAB4D00296520 /* basichi in Copy C128 ROM Files */ = {isa = PBXBuildFile; fileRef = EE9CDC98251DAAAD00296520 /* basichi */; };
		EE9CDCD8251DAB4D00296520 /* colodore.vpl in Copy C128 ROM Files */ = {isa = PBXBuildFile; fileRef = EE9CDC99251DAAAD00296520 /* colodore.vpl */; };
		EE9CDCD9251DAB4D00296520 /* pc64.vpl in Copy C128 ROM Files */ = {isa = PBXBuildFile; fileRef = EE9CDC9A251DAAAD00296520 /* pc64.vpl */; };
		EE9CDCDA251DAB4D00296520 /* kernalde in Copy C128 ROM Files */ = {isa = PBXBuildFile; fileRef = EE9CDC9B251DAAAD00296520 /* kernalde */; };
		EE9CDCDB251DAB4E00296520 /* basic64 in Copy C128 ROM Files */ = {isa = PBXBuildFile; fileRef = EE9CDC9C251DAAAD00296520 /* basic64 */; };
		EE9CDCDC251DAB4E00296520 /* community-colors.vpl in Copy C128 ROM Files */ = {isa = PBXBuildFile; fileRef = EE9CDC9D251DAAAD00296520 /* community-colors.vpl */; };
		EE9CDCDD251DAB4E00296520 /* godot.vpl in Copy C128 ROM Files */ = {isa = PBXBuildFile; fileRef = EE9CDC9E251DAAAD00296520 /* godot.vpl */; };
		EE9CDCDE251DAB4E00296520 /* chargde in Copy C128 ROM Files */ = {isa = PBXBuildFile; fileRef = EE9CDC9F251DAAAD00296520 /* chargde */; };
		EE9CDCE0251DAB4E00296520 /* pepto-ntsc.vpl in Copy C128 ROM Files */ = {isa = PBXBuildFile; fileRef = EE9CDCA1251DAAAD00296520 /* pepto-ntsc.vpl */; };
		EE9CDCE1251DAB4E00296520 /* pepto-ntsc-sony.vpl in Copy C128 ROM Files */ = {isa = PBXBuildFile; fileRef = EE9CDCA2251DAAAD00296520 /* pepto-ntsc-sony.vpl */; };
		EE9CDCE2251DAB4E00296520 /* default.vrs in Copy C128 ROM Files */ = {isa = PBXBuildFile; fileRef = EE9CDCA3251DAAAD00296520 /* default.vrs */; };
		EE9CDCE4251DAB4E00296520 /* chargen in Copy C128 ROM Files */ = {isa = PBXBuildFile; fileRef = EE9CDCA5251DAAAD00296520 /* chargen */; };
		EE9CDCE5251DAB4E00296520 /* chargfr in Copy C128 ROM Files */ = {isa = PBXBuildFile; fileRef = EE9CDCA6251DAAAD00296520 /* chargfr */; };
		EE9CDCE6251DAB4E00296520 /* pepto-pal.vpl in Copy C128 ROM Files */ = {isa = PBXBuildFile; fileRef = EE9CDCA7251DAAAD00296520 /* pepto-pal.vpl */; };
		EE9CDCE7251DAB4E00296520 /* kernalfr in Copy C128 ROM Files */ = {isa = PBXBuildFile; fileRef = EE9CDCA8251DAAAD00296520 /* kernalfr */; };
		EE9CDCE8251DAB4E00296520 /* ptoing.vpl in Copy C128 ROM Files */ = {isa = PBXBuildFile; fileRef = EE9CDCA9251DAAAD00296520 /* ptoing.vpl */; };
		EE9CDCE9251DAB4E00296520 /* kernalfi in Copy C128 ROM Files */ = {isa = PBXBuildFile; fileRef = EE9CDCAA251DAAAD00296520 /* kernalfi */; };
		EE9CDCEA251DAB4E00296520 /* basiclo in Copy C128 ROM Files */ = {isa = PBXBuildFile; fileRef = EE9CDCAB251DAAAD00296520 /* basiclo */; };
		EE9CDCEB251DAB4E00296520 /* vice.vpl in Copy C128 ROM Files */ = {isa = PBXBuildFile; fileRef = EE9CDCAC251DAAAD00296520 /* vice.vpl */; };
		EE9CDCEC251DAB4E00296520 /* pepto-palold.vpl in Copy C128 ROM Files */ = {isa = PBXBuildFile; fileRef = EE9CDCAD251DAAAD00296520 /* pepto-palold.vpl */; };
		EE9CDCED251DAB4E00296520 /* kernal in Copy C128 ROM Files */ = {isa = PBXBuildFile; fileRef = EE9CDCAE251DAAAD00296520 /* kernal */; };
		EE9CDCF0251DAB4E00296520 /* kernalse in Copy C128 ROM Files */ = {isa = PBXBuildFile; fileRef = EE9CDCB1251DAAAD00296520 /* kernalse */; };
		EE9CDCF1251DAB4E00296520 /* chargse in Copy C128 ROM Files */ = {isa = PBXBuildFile; fileRef = EE9CDCB2251DAAAD00296520 /* chargse */; };
		EE9CDCF2251DAB4E00296520 /* chargno in Copy C128 ROM Files */ = {isa = PBXBuildFile; fileRef = EE9CDCB3251DAAAD00296520 /* chargno */; };
		EE9CDCF3251DAB4E00296520 /* kernalno in Copy C128 ROM Files */ = {isa = PBXBuildFile; fileRef = EE9CDCB4251DAAAD00296520 /* kernalno */; };
		EE9CDCF4251DAB4E00296520 /* vdc_comp.vpl in Copy C128 ROM Files */ = {isa = PBXBuildFile; fileRef = EE9CDCB5251DAAAD00296520 /* vdc_comp.vpl */; };
		EE9CDCF5251DAB4E00296520 /* cjam.vpl in Copy C128 ROM Files */ = {isa = PBXBuildFile; fileRef = EE9CDCB6251DAAAD00296520 /* cjam.vpl */; };
		EE9CDCF6251DAB4E00296520 /* rgb.vpl in Copy C128 ROM Files */ = {isa = PBXBuildFile; fileRef = EE9CDCB7251DAAAD00296520 /* rgb.vpl */; };
		EE9CDCF7251DAB4E00296520 /* chargch in Copy C128 ROM Files */ = {isa = PBXBuildFile; fileRef = EE9CDCB8251DAAAD00296520 /* chargch */; };
		EE9CDCF8251DAB4E00296520 /* kernalch in Copy C128 ROM Files */ = {isa = PBXBuildFile; fileRef = EE9CDCB9251DAAAD00296520 /* kernalch */; };
		EE9CDCF9251DAB4E00296520 /* kernalit in Copy C128 ROM Files */ = {isa = PBXBuildFile; fileRef = EE9CDCBA251DAAAD00296520 /* kernalit */; };
		EE9CDCFA251DAB4E00296520 /* ccs64.vpl in Copy C128 ROM Files */ = {isa = PBXBuildFile; fileRef = EE9CDCBB251DAAAD00296520 /* ccs64.vpl */; };
		EE9CDCFB251DAB4E00296520 /* deekay.vpl in Copy C128 ROM Files */ = {isa = PBXBuildFile; fileRef = EE9CDCBC251DAAAD00296520 /* deekay.vpl */; };
		EE9CDCFC251DAB4E00296520 /* c64hq.vpl in Copy C128 ROM Files */ = {isa = PBXBuildFile; fileRef = EE9CDCBD251DAAAD00296520 /* c64hq.vpl */; };
		EE9CDCFD251DAB4E00296520 /* vdc_deft.vpl in Copy C128 ROM Files */ = {isa = PBXBuildFile; fileRef = EE9CDCBE251DAAAD00296520 /* vdc_deft.vpl */; };
		EE9CDCFF251DAB4E00296520 /* frodo.vpl in Copy C128 ROM Files */ = {isa = PBXBuildFile; fileRef = EE9CDCC0251DAAAD00296520 /* frodo.vpl */; };
		EE9CDD01251DAB4E00296520 /* c64s.vpl in Copy C128 ROM Files */ = {isa = PBXBuildFile; fileRef = EE9CDCC2251DAAAD00296520 /* c64s.vpl */; };
		EE9CDD05251DABCF00296520 /* colodore_vic.vpl in Copy Vic20 ROM Files */ = {isa = PBXBuildFile; fileRef = EE9CDCC5251DAAAD00296520 /* colodore_vic.vpl */; };
		EE9CDD07251DABCF00296520 /* default.vrs in Copy Vic20 ROM Files */ = {isa = PBXBuildFile; fileRef = EE9CDCC7251DAAAD00296520 /* default.vrs */; };
		EE9CDD08251DABCF00296520 /* chargen in Copy Vic20 ROM Files */ = {isa = PBXBuildFile; fileRef = EE9CDCC9251DAAAD00296520 /* chargen */; };
		EE9CDD09251DABCF00296520 /* basic in Copy Vic20 ROM Files */ = {isa = PBXBuildFile; fileRef = EE9CDCCA251DAAAD00296520 /* basic */; };
		EE9CDD0A251DABCF00296520 /* vice.vpl in Copy Vic20 ROM Files */ = {isa = PBXBuildFile; fileRef = EE9CDCCB251DAAAD00296520 /* vice.vpl */; };
		EE9CDD0B251DABCF00296520 /* kernal in Copy Vic20 ROM Files */ = {isa = PBXBuildFile; fileRef = EE9CDCCC251DAAAD00296520 /* kernal */; };
		EE9CDD0E251DABCF00296520 /* mike-ntsc.vpl in Copy Vic20 ROM Files */ = {isa = PBXBuildFile; fileRef = EE9CDCCF251DAAAD00296520 /* mike-ntsc.vpl */; };
		EE9CDD13251DABCF00296520 /* mike-pal.vpl in Copy Vic20 ROM Files */ = {isa = PBXBuildFile; fileRef = EE9CDCD4251DAAAD00296520 /* mike-pal.vpl */; };
		EEB6072325226C4700EA1F3A /* liboex64dtv.dylib in Frameworks */ = {isa = PBXBuildFile; fileRef = EE49398E2521803F00F4FE78 /* liboex64dtv.dylib */; };
		EEB6072425226C4700EA1F3A /* liboex64dtv.dylib in Embed Libraries */ = {isa = PBXBuildFile; fileRef = EE49398E2521803F00F4FE78 /* liboex64dtv.dylib */; settings = {ATTRIBUTES = (CodeSignOnCopy, ); }; };
		EEB607D925226F6700EA1F3A /* c64mem.sym in CopyFiles */ = {isa = PBXBuildFile; fileRef = EEB607B725226F0100EA1F3A /* c64mem.sym */; };
		EEB607DC25226F6C00EA1F3A /* default.vrs in CopyFiles */ = {isa = PBXBuildFile; fileRef = EEB607BA25226F0100EA1F3A /* default.vrs */; };
		EEB607DE25226F6E00EA1F3A /* chargen in CopyFiles */ = {isa = PBXBuildFile; fileRef = EEB607BC25226F0100EA1F3A /* chargen */; };
		EEB607DF25226F7000EA1F3A /* basic in CopyFiles */ = {isa = PBXBuildFile; fileRef = EEB607C025226F0100EA1F3A /* basic */; };
		EEB607E125226F7200EA1F3A /* kernal in CopyFiles */ = {isa = PBXBuildFile; fileRef = EEB607C425226F0100EA1F3A /* kernal */; };
		EEB607E225226F7300EA1F3A /* dtvrom.bin in CopyFiles */ = {isa = PBXBuildFile; fileRef = EEB607D125226F0100EA1F3A /* dtvrom.bin */; };
		EEB607E425226F7500EA1F3A /* spiff.vpl in CopyFiles */ = {isa = PBXBuildFile; fileRef = EEB607D625226F0100EA1F3A /* spiff.vpl */; };
/* End PBXBuildFile section */

/* Begin PBXContainerItemProxy section */
		3EEBAD9E1F4374EA00E0340A /* PBXContainerItemProxy */ = {
			isa = PBXContainerItemProxy;
			containerPortal = 059603901C3B6E81005C174C /* Project object */;
			proxyType = 1;
			remoteGlobalIDString = 3EDA96361F19560C0015CED2;
			remoteInfo = "VICE C64";
		};
/* End PBXContainerItemProxy section */

/* Begin PBXCopyFilesBuildPhase section */
		3EDA96881F19560C0015CED2 /* Copy C64 ROM Files */ = {
			isa = PBXCopyFilesBuildPhase;
			buildActionMask = 2147483647;
			dstPath = ROM/C64;
			dstSubfolderSpec = 7;
			files = (
				05A8982623F1229F000CA1D2 /* osx_pos.vkm in Copy C64 ROM Files */,
				05A8982723F1229F000CA1D2 /* osx_sym.vkm in Copy C64 ROM Files */,
				05A897E323EF5E78000CA1D2 /* basic in Copy C64 ROM Files */,
				05A897E423EF5E78000CA1D2 /* chargen in Copy C64 ROM Files */,
				05A897E523EF5E78000CA1D2 /* edkernal in Copy C64 ROM Files */,
				05A897E623EF5E78000CA1D2 /* gskernal in Copy C64 ROM Files */,
				05A897E723EF5E78000CA1D2 /* jpchrgen in Copy C64 ROM Files */,
				05A897E823EF5E78000CA1D2 /* jpkernal in Copy C64 ROM Files */,
				05A897E923EF5E78000CA1D2 /* kernal in Copy C64 ROM Files */,
				05A897EA23EF5E78000CA1D2 /* c64mem.sym in Copy C64 ROM Files */,
				05A897EB23EF5E78000CA1D2 /* sdl_joymap_ps3.vjm in Copy C64 ROM Files */,
				05A897EC23EF5E78000CA1D2 /* c64hq.vpl in Copy C64 ROM Files */,
				05A897ED23EF5E78000CA1D2 /* c64s.vpl in Copy C64 ROM Files */,
				05A897EE23EF5E78000CA1D2 /* ccs64.vpl in Copy C64 ROM Files */,
				05A897EF23EF5E78000CA1D2 /* cjam.vpl in Copy C64 ROM Files */,
				05A897F023EF5E78000CA1D2 /* colodore.vpl in Copy C64 ROM Files */,
				05A897F123EF5E78000CA1D2 /* community-colors.vpl in Copy C64 ROM Files */,
				05A897F223EF5E78000CA1D2 /* deekay.vpl in Copy C64 ROM Files */,
				05A897F323EF5E78000CA1D2 /* frodo.vpl in Copy C64 ROM Files */,
				05A897F423EF5E78000CA1D2 /* godot.vpl in Copy C64 ROM Files */,
				05A897F523EF5E78000CA1D2 /* pc64.vpl in Copy C64 ROM Files */,
				05A897F623EF5E78000CA1D2 /* pepto-ntsc-sony.vpl in Copy C64 ROM Files */,
				05A897F723EF5E78000CA1D2 /* pepto-ntsc.vpl in Copy C64 ROM Files */,
				05A897F823EF5E78000CA1D2 /* pepto-pal.vpl in Copy C64 ROM Files */,
				05A897F923EF5E78000CA1D2 /* pepto-palold.vpl in Copy C64 ROM Files */,
				05A897FA23EF5E78000CA1D2 /* ptoing.vpl in Copy C64 ROM Files */,
				05A897FB23EF5E78000CA1D2 /* rgb.vpl in Copy C64 ROM Files */,
				05A897FC23EF5E78000CA1D2 /* vice.vpl in Copy C64 ROM Files */,
				05A897FD23EF5E78000CA1D2 /* default.vrs in Copy C64 ROM Files */,
			);
			name = "Copy C64 ROM Files";
			runOnlyForDeploymentPostprocessing = 0;
		};
		3EDA96A41F19560C0015CED2 /* Copy Drive ROM Files */ = {
			isa = PBXCopyFilesBuildPhase;
			buildActionMask = 2147483647;
			dstPath = ROM/DRIVES;
			dstSubfolderSpec = 7;
			files = (
				05A897D623EF5E00000CA1D2 /* dos2031 in Copy Drive ROM Files */,
				05A897D723EF5E00000CA1D2 /* dos2040 in Copy Drive ROM Files */,
				05A897D823EF5E00000CA1D2 /* dos1541 in Copy Drive ROM Files */,
				05A897D923EF5E00000CA1D2 /* dos1570 in Copy Drive ROM Files */,
				05A897DA23EF5E00000CA1D2 /* dos1571 in Copy Drive ROM Files */,
				05A897DB23EF5E00000CA1D2 /* dos1540 in Copy Drive ROM Files */,
				05A897DC23EF5E00000CA1D2 /* d1541II in Copy Drive ROM Files */,
				05A897DD23EF5E00000CA1D2 /* dos3040 in Copy Drive ROM Files */,
				05A897DE23EF5E00000CA1D2 /* dos4040 in Copy Drive ROM Files */,
				05A897DF23EF5E00000CA1D2 /* dos1551 in Copy Drive ROM Files */,
				05A897E023EF5E00000CA1D2 /* d1571cr in Copy Drive ROM Files */,
				05A897E123EF5E00000CA1D2 /* dos1001 in Copy Drive ROM Files */,
				05A897E223EF5E00000CA1D2 /* dos1581 in Copy Drive ROM Files */,
			);
			name = "Copy Drive ROM Files";
			runOnlyForDeploymentPostprocessing = 0;
		};
		EE9CDCD5251DAAD300296520 /* Copy C128 ROM Files */ = {
			isa = PBXCopyFilesBuildPhase;
			buildActionMask = 2147483647;
			dstPath = ROM/C128;
			dstSubfolderSpec = 7;
			files = (
				EE9CDCD6251DAB4D00296520 /* kernal64 in Copy C128 ROM Files */,
				EE9CDCD7251DAB4D00296520 /* basichi in Copy C128 ROM Files */,
				EE9CDCD8251DAB4D00296520 /* colodore.vpl in Copy C128 ROM Files */,
				EE9CDCD9251DAB4D00296520 /* pc64.vpl in Copy C128 ROM Files */,
				EE9CDCDA251DAB4D00296520 /* kernalde in Copy C128 ROM Files */,
				EE9CDCDB251DAB4E00296520 /* basic64 in Copy C128 ROM Files */,
				EE9CDCDC251DAB4E00296520 /* community-colors.vpl in Copy C128 ROM Files */,
				EE9CDCDD251DAB4E00296520 /* godot.vpl in Copy C128 ROM Files */,
				EE9CDCDE251DAB4E00296520 /* chargde in Copy C128 ROM Files */,
				EE9CDCE0251DAB4E00296520 /* pepto-ntsc.vpl in Copy C128 ROM Files */,
				EE9CDCE1251DAB4E00296520 /* pepto-ntsc-sony.vpl in Copy C128 ROM Files */,
				EE9CDCE2251DAB4E00296520 /* default.vrs in Copy C128 ROM Files */,
				EE9CDCE4251DAB4E00296520 /* chargen in Copy C128 ROM Files */,
				EE9CDCE5251DAB4E00296520 /* chargfr in Copy C128 ROM Files */,
				EE9CDCE6251DAB4E00296520 /* pepto-pal.vpl in Copy C128 ROM Files */,
				EE9CDCE7251DAB4E00296520 /* kernalfr in Copy C128 ROM Files */,
				EE9CDCE8251DAB4E00296520 /* ptoing.vpl in Copy C128 ROM Files */,
				EE9CDCE9251DAB4E00296520 /* kernalfi in Copy C128 ROM Files */,
				EE9CDCEA251DAB4E00296520 /* basiclo in Copy C128 ROM Files */,
				EE9CDCEB251DAB4E00296520 /* vice.vpl in Copy C128 ROM Files */,
				EE9CDCEC251DAB4E00296520 /* pepto-palold.vpl in Copy C128 ROM Files */,
				EE9CDCED251DAB4E00296520 /* kernal in Copy C128 ROM Files */,
				EE9CDCF0251DAB4E00296520 /* kernalse in Copy C128 ROM Files */,
				EE9CDCF1251DAB4E00296520 /* chargse in Copy C128 ROM Files */,
				EE9CDCF2251DAB4E00296520 /* chargno in Copy C128 ROM Files */,
				EE9CDCF3251DAB4E00296520 /* kernalno in Copy C128 ROM Files */,
				EE9CDCF4251DAB4E00296520 /* vdc_comp.vpl in Copy C128 ROM Files */,
				EE9CDCF5251DAB4E00296520 /* cjam.vpl in Copy C128 ROM Files */,
				EE9CDCF6251DAB4E00296520 /* rgb.vpl in Copy C128 ROM Files */,
				EE9CDCF7251DAB4E00296520 /* chargch in Copy C128 ROM Files */,
				EE9CDCF8251DAB4E00296520 /* kernalch in Copy C128 ROM Files */,
				EE9CDCF9251DAB4E00296520 /* kernalit in Copy C128 ROM Files */,
				EE9CDCFA251DAB4E00296520 /* ccs64.vpl in Copy C128 ROM Files */,
				EE9CDCFB251DAB4E00296520 /* deekay.vpl in Copy C128 ROM Files */,
				EE9CDCFC251DAB4E00296520 /* c64hq.vpl in Copy C128 ROM Files */,
				EE9CDCFD251DAB4E00296520 /* vdc_deft.vpl in Copy C128 ROM Files */,
				EE9CDCFF251DAB4E00296520 /* frodo.vpl in Copy C128 ROM Files */,
				EE9CDD01251DAB4E00296520 /* c64s.vpl in Copy C128 ROM Files */,
			);
			name = "Copy C128 ROM Files";
			runOnlyForDeploymentPostprocessing = 0;
		};
		EE9CDD04251DAB9300296520 /* Copy Vic20 ROM Files */ = {
			isa = PBXCopyFilesBuildPhase;
			buildActionMask = 2147483647;
			dstPath = ROM/VIC20;
			dstSubfolderSpec = 7;
			files = (
				EE9CDD05251DABCF00296520 /* colodore_vic.vpl in Copy Vic20 ROM Files */,
				EE9CDD07251DABCF00296520 /* default.vrs in Copy Vic20 ROM Files */,
				EE9CDD08251DABCF00296520 /* chargen in Copy Vic20 ROM Files */,
				EE9CDD09251DABCF00296520 /* basic in Copy Vic20 ROM Files */,
				EE9CDD0A251DABCF00296520 /* vice.vpl in Copy Vic20 ROM Files */,
				EE9CDD0B251DABCF00296520 /* kernal in Copy Vic20 ROM Files */,
				EE9CDD0E251DABCF00296520 /* mike-ntsc.vpl in Copy Vic20 ROM Files */,
				EE9CDD13251DABCF00296520 /* mike-pal.vpl in Copy Vic20 ROM Files */,
			);
			name = "Copy Vic20 ROM Files";
			runOnlyForDeploymentPostprocessing = 0;
		};
		EEB6072525226C4700EA1F3A /* Embed Libraries */ = {
			isa = PBXCopyFilesBuildPhase;
			buildActionMask = 2147483647;
			dstPath = "";
			dstSubfolderSpec = 10;
			files = (
				EEB6072425226C4700EA1F3A /* liboex64dtv.dylib in Embed Libraries */,
			);
			name = "Embed Libraries";
			runOnlyForDeploymentPostprocessing = 0;
		};
		EEB607D825226F4500EA1F3A /* CopyFiles */ = {
			isa = PBXCopyFilesBuildPhase;
			buildActionMask = 2147483647;
			dstPath = ROM/C64DTV;
			dstSubfolderSpec = 7;
			files = (
				EEB607D925226F6700EA1F3A /* c64mem.sym in CopyFiles */,
				EEB607E125226F7200EA1F3A /* kernal in CopyFiles */,
				EEB607E425226F7500EA1F3A /* spiff.vpl in CopyFiles */,
				EEB607E225226F7300EA1F3A /* dtvrom.bin in CopyFiles */,
				EEB607DF25226F7000EA1F3A /* basic in CopyFiles */,
				EEB607DC25226F6C00EA1F3A /* default.vrs in CopyFiles */,
				EEB607DE25226F6E00EA1F3A /* chargen in CopyFiles */,
			);
			runOnlyForDeploymentPostprocessing = 0;
		};
/* End PBXCopyFilesBuildPhase section */

/* Begin PBXFileReference section */
		059611F61C3C478E005C174C /* CoreAudio.framework */ = {isa = PBXFileReference; lastKnownFileType = wrapper.framework; name = CoreAudio.framework; path = System/Library/Frameworks/CoreAudio.framework; sourceTree = SDKROOT; };
		059611F81C3C47FD005C174C /* libz.tbd */ = {isa = PBXFileReference; lastKnownFileType = "sourcecode.text-based-dylib-definition"; name = libz.tbd; path = usr/lib/libz.tbd; sourceTree = SDKROOT; };
		059611FA1C3C482C005C174C /* libstdc++.tbd */ = {isa = PBXFileReference; lastKnownFileType = "sourcecode.text-based-dylib-definition"; name = "libstdc++.tbd"; path = "usr/lib/libstdc++.tbd"; sourceTree = SDKROOT; };
		059611FC1C3C4846005C174C /* AudioToolbox.framework */ = {isa = PBXFileReference; lastKnownFileType = wrapper.framework; name = AudioToolbox.framework; path = System/Library/Frameworks/AudioToolbox.framework; sourceTree = SDKROOT; };
		059611FE1C3C4866005C174C /* libedit.tbd */ = {isa = PBXFileReference; lastKnownFileType = "sourcecode.text-based-dylib-definition"; name = libedit.tbd; path = usr/lib/libedit.tbd; sourceTree = SDKROOT; };
		0598D2531C44C2FB00E456A6 /* ViceGameCore.h */ = {isa = PBXFileReference; fileEncoding = 4; lastKnownFileType = sourcecode.c.h; path = ViceGameCore.h; sourceTree = "<group>"; };
		0598D2541C44C2FB00E456A6 /* ViceGameCore.m */ = {isa = PBXFileReference; fileEncoding = 4; lastKnownFileType = sourcecode.c.objc; path = ViceGameCore.m; sourceTree = "<group>"; };
		0598D2561C44C38200E456A6 /* OpenEmuBase.framework */ = {isa = PBXFileReference; lastKnownFileType = wrapper.framework; name = OpenEmuBase.framework; path = "../OpenEmu-SDK/build/Debug/OpenEmuBase.framework"; sourceTree = "<group>"; };
		05A8973F23EF5D2C000CA1D2 /* dos2031 */ = {isa = PBXFileReference; lastKnownFileType = file; path = dos2031; sourceTree = "<group>"; };
		05A8974123EF5D2C000CA1D2 /* dos2040 */ = {isa = PBXFileReference; lastKnownFileType = file; path = dos2040; sourceTree = "<group>"; };
		05A8974223EF5D2C000CA1D2 /* dos1541 */ = {isa = PBXFileReference; lastKnownFileType = file; path = dos1541; sourceTree = "<group>"; };
		05A8974323EF5D2C000CA1D2 /* dos1570 */ = {isa = PBXFileReference; lastKnownFileType = file; path = dos1570; sourceTree = "<group>"; };
		05A8974423EF5D2C000CA1D2 /* dos1571 */ = {isa = PBXFileReference; lastKnownFileType = file; path = dos1571; sourceTree = "<group>"; };
		05A8974523EF5D2C000CA1D2 /* dos1540 */ = {isa = PBXFileReference; lastKnownFileType = file; path = dos1540; sourceTree = "<group>"; };
		05A8974623EF5D2C000CA1D2 /* d1541II */ = {isa = PBXFileReference; lastKnownFileType = file; path = d1541II; sourceTree = "<group>"; };
		05A8974723EF5D2C000CA1D2 /* dos3040 */ = {isa = PBXFileReference; lastKnownFileType = file; path = dos3040; sourceTree = "<group>"; };
		05A8974923EF5D2C000CA1D2 /* dos4040 */ = {isa = PBXFileReference; lastKnownFileType = file; path = dos4040; sourceTree = "<group>"; };
		05A8974A23EF5D2C000CA1D2 /* dos1551 */ = {isa = PBXFileReference; lastKnownFileType = file; path = dos1551; sourceTree = "<group>"; };
		05A8974B23EF5D2C000CA1D2 /* d1571cr */ = {isa = PBXFileReference; lastKnownFileType = file; path = d1571cr; sourceTree = "<group>"; };
		05A8974C23EF5D2C000CA1D2 /* dos1001 */ = {isa = PBXFileReference; lastKnownFileType = file; path = dos1001; sourceTree = "<group>"; };
		05A8974E23EF5D2C000CA1D2 /* dos1581 */ = {isa = PBXFileReference; lastKnownFileType = file; path = dos1581; sourceTree = "<group>"; };
		05A8975123EF5D2C000CA1D2 /* colodore.vpl */ = {isa = PBXFileReference; fileEncoding = 4; lastKnownFileType = text; path = colodore.vpl; sourceTree = "<group>"; };
		05A8975323EF5D2C000CA1D2 /* pc64.vpl */ = {isa = PBXFileReference; fileEncoding = 4; lastKnownFileType = text; path = pc64.vpl; sourceTree = "<group>"; };
		05A8975623EF5D2C000CA1D2 /* c64mem.sym */ = {isa = PBXFileReference; fileEncoding = 4; lastKnownFileType = text; path = c64mem.sym; sourceTree = "<group>"; };
		05A8975723EF5D2C000CA1D2 /* community-colors.vpl */ = {isa = PBXFileReference; fileEncoding = 4; lastKnownFileType = text; path = "community-colors.vpl"; sourceTree = "<group>"; };
		05A8975823EF5D2C000CA1D2 /* godot.vpl */ = {isa = PBXFileReference; fileEncoding = 4; lastKnownFileType = text; path = godot.vpl; sourceTree = "<group>"; };
		05A8975A23EF5D2C000CA1D2 /* pepto-ntsc.vpl */ = {isa = PBXFileReference; fileEncoding = 4; lastKnownFileType = text; path = "pepto-ntsc.vpl"; sourceTree = "<group>"; };
		05A8975C23EF5D2C000CA1D2 /* pepto-ntsc-sony.vpl */ = {isa = PBXFileReference; fileEncoding = 4; lastKnownFileType = text; path = "pepto-ntsc-sony.vpl"; sourceTree = "<group>"; };
		05A8975D23EF5D2C000CA1D2 /* default.vrs */ = {isa = PBXFileReference; fileEncoding = 4; lastKnownFileType = text; path = default.vrs; sourceTree = "<group>"; };
		05A8975E23EF5D2C000CA1D2 /* gskernal */ = {isa = PBXFileReference; lastKnownFileType = file; path = gskernal; sourceTree = "<group>"; };
		05A8975F23EF5D2C000CA1D2 /* jpchrgen */ = {isa = PBXFileReference; lastKnownFileType = file; path = jpchrgen; sourceTree = "<group>"; };
		05A8976123EF5D2C000CA1D2 /* chargen */ = {isa = PBXFileReference; lastKnownFileType = file; path = chargen; sourceTree = "<group>"; };
		05A8976323EF5D2C000CA1D2 /* pepto-pal.vpl */ = {isa = PBXFileReference; fileEncoding = 4; lastKnownFileType = text; path = "pepto-pal.vpl"; sourceTree = "<group>"; };
		05A8976523EF5D2C000CA1D2 /* ptoing.vpl */ = {isa = PBXFileReference; fileEncoding = 4; lastKnownFileType = text; path = ptoing.vpl; sourceTree = "<group>"; };
		05A8976823EF5D2C000CA1D2 /* basic */ = {isa = PBXFileReference; lastKnownFileType = file; path = basic; sourceTree = "<group>"; };
		05A8976A23EF5D2C000CA1D2 /* vice.vpl */ = {isa = PBXFileReference; fileEncoding = 4; lastKnownFileType = text; path = vice.vpl; sourceTree = "<group>"; };
		05A8976B23EF5D2C000CA1D2 /* pepto-palold.vpl */ = {isa = PBXFileReference; fileEncoding = 4; lastKnownFileType = text; path = "pepto-palold.vpl"; sourceTree = "<group>"; };
		05A8976E23EF5D2C000CA1D2 /* kernal */ = {isa = PBXFileReference; lastKnownFileType = file; path = kernal; sourceTree = "<group>"; };
		05A8977823EF5D2C000CA1D2 /* cjam.vpl */ = {isa = PBXFileReference; fileEncoding = 4; lastKnownFileType = text; path = cjam.vpl; sourceTree = "<group>"; };
		05A8977923EF5D2C000CA1D2 /* rgb.vpl */ = {isa = PBXFileReference; fileEncoding = 4; lastKnownFileType = text; path = rgb.vpl; sourceTree = "<group>"; };
		05A8977A23EF5D2C000CA1D2 /* sdl_joymap_ps3.vjm */ = {isa = PBXFileReference; fileEncoding = 4; lastKnownFileType = text; path = sdl_joymap_ps3.vjm; sourceTree = "<group>"; };
		05A8977B23EF5D2C000CA1D2 /* ccs64.vpl */ = {isa = PBXFileReference; fileEncoding = 4; lastKnownFileType = text; path = ccs64.vpl; sourceTree = "<group>"; };
		05A8977F23EF5D2C000CA1D2 /* deekay.vpl */ = {isa = PBXFileReference; fileEncoding = 4; lastKnownFileType = text; path = deekay.vpl; sourceTree = "<group>"; };
		05A8978123EF5D2C000CA1D2 /* c64hq.vpl */ = {isa = PBXFileReference; fileEncoding = 4; lastKnownFileType = text; path = c64hq.vpl; sourceTree = "<group>"; };
		05A8978323EF5D2C000CA1D2 /* frodo.vpl */ = {isa = PBXFileReference; fileEncoding = 4; lastKnownFileType = text; path = frodo.vpl; sourceTree = "<group>"; };
		05A8978523EF5D2C000CA1D2 /* jpkernal */ = {isa = PBXFileReference; lastKnownFileType = file; path = jpkernal; sourceTree = "<group>"; };
		05A8978623EF5D2C000CA1D2 /* c64s.vpl */ = {isa = PBXFileReference; fileEncoding = 4; lastKnownFileType = text; path = c64s.vpl; sourceTree = "<group>"; };
		05A8978923EF5D2C000CA1D2 /* edkernal */ = {isa = PBXFileReference; lastKnownFileType = file; path = edkernal; sourceTree = "<group>"; };
		05A8980023EF5ECC000CA1D2 /* C64.h */ = {isa = PBXFileReference; fileEncoding = 4; lastKnownFileType = sourcecode.c.h; path = C64.h; sourceTree = "<group>"; };
		05A8980123EF5ECC000CA1D2 /* api.h */ = {isa = PBXFileReference; fileEncoding = 4; lastKnownFileType = sourcecode.c.h; path = api.h; sourceTree = "<group>"; };
		05A8980223EF5ECC000CA1D2 /* oecommon.h */ = {isa = PBXFileReference; fileEncoding = 4; lastKnownFileType = sourcecode.c.h; path = oecommon.h; sourceTree = "<group>"; };
		05A8980723EF7DD5000CA1D2 /* archdep.h */ = {isa = PBXFileReference; fileEncoding = 4; lastKnownFileType = sourcecode.c.h; path = archdep.h; sourceTree = "<group>"; };
		05A8982423F1229F000CA1D2 /* osx_pos.vkm */ = {isa = PBXFileReference; fileEncoding = 4; lastKnownFileType = text; path = osx_pos.vkm; sourceTree = "<group>"; };
		05A8982523F1229F000CA1D2 /* osx_sym.vkm */ = {isa = PBXFileReference; fileEncoding = 4; lastKnownFileType = text; path = osx_sym.vkm; sourceTree = "<group>"; };
		3E1BCCA31F16DA250022C2EF /* libedit.3.0.tbd */ = {isa = PBXFileReference; lastKnownFileType = "sourcecode.text-based-dylib-definition"; name = libedit.3.0.tbd; path = usr/lib/libedit.3.0.tbd; sourceTree = SDKROOT; };
		3E3DDE7E1F46863A00639644 /* OEC64SystemResponderClient.h */ = {isa = PBXFileReference; fileEncoding = 4; lastKnownFileType = sourcecode.c.h; name = OEC64SystemResponderClient.h; path = "../../OpenEmu/Commodore 64/OEC64SystemResponderClient.h"; sourceTree = "<group>"; };
		3E6E5E3B1F17301C007FEF0A /* libedit.3.tbd */ = {isa = PBXFileReference; lastKnownFileType = "sourcecode.text-based-dylib-definition"; name = libedit.3.tbd; path = usr/lib/libedit.3.tbd; sourceTree = SDKROOT; };
		3EDA96DB1F19560C0015CED2 /* VICE.oecoreplugin */ = {isa = PBXFileReference; explicitFileType = wrapper.cfbundle; includeInIndex = 0; path = VICE.oecoreplugin; sourceTree = BUILT_PRODUCTS_DIR; };
		3EDA98AC1F197B540015CED2 /* OpenEmuBase.framework */ = {isa = PBXFileReference; lastKnownFileType = wrapper.framework; name = OpenEmuBase.framework; path = "../../Library/Developer/Xcode/DerivedData/OpenEmu-daupfkdcntzkhycxsuyuvqosnsbs/Build/Products/Debug/OpenEmuBase.framework"; sourceTree = "<group>"; };
		3EDA98AD1F197B540015CED2 /* OpenEmuSystem.framework */ = {isa = PBXFileReference; lastKnownFileType = wrapper.framework; name = OpenEmuSystem.framework; path = "../../Library/Developer/Xcode/DerivedData/OpenEmu-daupfkdcntzkhycxsuyuvqosnsbs/Build/Products/Debug/OpenEmuSystem.framework"; sourceTree = "<group>"; };
		3EDA98B01F197B770015CED2 /* Cocoa.framework */ = {isa = PBXFileReference; lastKnownFileType = wrapper.framework; name = Cocoa.framework; path = System/Library/Frameworks/Cocoa.framework; sourceTree = SDKROOT; };
		87BEF9312175226000E38B38 /* Info.plist */ = {isa = PBXFileReference; fileEncoding = 4; lastKnownFileType = text.plist.xml; path = Info.plist; sourceTree = SOURCE_ROOT; };
		EE49398B25211F5000F4FE78 /* C64dtv_archdep.h */ = {isa = PBXFileReference; lastKnownFileType = sourcecode.c.h; name = C64dtv_archdep.h; path = deps/vice/src/arch/oeheadless/C64dtv_archdep.h; sourceTree = SOURCE_ROOT; };
		EE49398D25211F6B00F4FE78 /* C64dtv.h */ = {isa = PBXFileReference; lastKnownFileType = sourcecode.c.h; path = C64dtv.h; sourceTree = "<group>"; };
		EE49398E2521803F00F4FE78 /* liboex64dtv.dylib */ = {isa = PBXFileReference; lastKnownFileType = "compiled.mach-o.dylib"; name = liboex64dtv.dylib; path = deps/vice/liboex64dtv.dylib; sourceTree = "<group>"; };
		EE9CDB53251BFBD900296520 /* C128.h */ = {isa = PBXFileReference; fileEncoding = 4; lastKnownFileType = sourcecode.c.h; path = C128.h; sourceTree = "<group>"; };
		EE9CDB5B251D487F00296520 /* Vic20.h */ = {isa = PBXFileReference; fileEncoding = 4; lastKnownFileType = sourcecode.c.h; path = Vic20.h; sourceTree = "<group>"; };
		EE9CDBEA251D49CE00296520 /* C64_archdep.h */ = {isa = PBXFileReference; fileEncoding = 4; lastKnownFileType = sourcecode.c.h; name = C64_archdep.h; path = deps/vice/src/arch/oeheadless/C64_archdep.h; sourceTree = SOURCE_ROOT; };
		EE9CDBEB251D49CE00296520 /* C128_archdep.h */ = {isa = PBXFileReference; fileEncoding = 4; lastKnownFileType = sourcecode.c.h; name = C128_archdep.h; path = deps/vice/src/arch/oeheadless/C128_archdep.h; sourceTree = SOURCE_ROOT; };
		EE9CDBEC251D49CE00296520 /* Vic20_archdep.h */ = {isa = PBXFileReference; fileEncoding = 4; lastKnownFileType = sourcecode.c.h; name = Vic20_archdep.h; path = deps/vice/src/arch/oeheadless/Vic20_archdep.h; sourceTree = SOURCE_ROOT; };
		EE9CDC89251D698B00296520 /* liboex64sc.dylib */ = {isa = PBXFileReference; lastKnownFileType = "compiled.mach-o.dylib"; name = liboex64sc.dylib; path = deps/vice/liboex64sc.dylib; sourceTree = "<group>"; };
		EE9CDC8A251D698B00296520 /* liboex128.dylib */ = {isa = PBXFileReference; lastKnownFileType = "compiled.mach-o.dylib"; name = liboex128.dylib; path = deps/vice/liboex128.dylib; sourceTree = "<group>"; };
		EE9CDC8B251D698C00296520 /* liboexvic20.dylib */ = {isa = PBXFileReference; lastKnownFileType = "compiled.mach-o.dylib"; name = liboexvic20.dylib; path = deps/vice/liboexvic20.dylib; sourceTree = "<group>"; };
		EE9CDC97251DAAAD00296520 /* kernal64 */ = {isa = PBXFileReference; lastKnownFileType = file; path = kernal64; sourceTree = "<group>"; };
		EE9CDC98251DAAAD00296520 /* basichi */ = {isa = PBXFileReference; lastKnownFileType = file; path = basichi; sourceTree = "<group>"; };
		EE9CDC99251DAAAD00296520 /* colodore.vpl */ = {isa = PBXFileReference; lastKnownFileType = text; path = colodore.vpl; sourceTree = "<group>"; };
		EE9CDC9A251DAAAD00296520 /* pc64.vpl */ = {isa = PBXFileReference; lastKnownFileType = text; path = pc64.vpl; sourceTree = "<group>"; };
		EE9CDC9B251DAAAD00296520 /* kernalde */ = {isa = PBXFileReference; lastKnownFileType = file; path = kernalde; sourceTree = "<group>"; };
		EE9CDC9C251DAAAD00296520 /* basic64 */ = {isa = PBXFileReference; lastKnownFileType = file; path = basic64; sourceTree = "<group>"; };
		EE9CDC9D251DAAAD00296520 /* community-colors.vpl */ = {isa = PBXFileReference; lastKnownFileType = text; path = "community-colors.vpl"; sourceTree = "<group>"; };
		EE9CDC9E251DAAAD00296520 /* godot.vpl */ = {isa = PBXFileReference; lastKnownFileType = text; path = godot.vpl; sourceTree = "<group>"; };
		EE9CDC9F251DAAAD00296520 /* chargde */ = {isa = PBXFileReference; lastKnownFileType = file; path = chargde; sourceTree = "<group>"; };
		EE9CDCA1251DAAAD00296520 /* pepto-ntsc.vpl */ = {isa = PBXFileReference; lastKnownFileType = text; path = "pepto-ntsc.vpl"; sourceTree = "<group>"; };
		EE9CDCA2251DAAAD00296520 /* pepto-ntsc-sony.vpl */ = {isa = PBXFileReference; lastKnownFileType = text; path = "pepto-ntsc-sony.vpl"; sourceTree = "<group>"; };
		EE9CDCA3251DAAAD00296520 /* default.vrs */ = {isa = PBXFileReference; lastKnownFileType = text; path = default.vrs; sourceTree = "<group>"; };
		EE9CDCA5251DAAAD00296520 /* chargen */ = {isa = PBXFileReference; lastKnownFileType = file; path = chargen; sourceTree = "<group>"; };
		EE9CDCA6251DAAAD00296520 /* chargfr */ = {isa = PBXFileReference; lastKnownFileType = file; path = chargfr; sourceTree = "<group>"; };
		EE9CDCA7251DAAAD00296520 /* pepto-pal.vpl */ = {isa = PBXFileReference; lastKnownFileType = text; path = "pepto-pal.vpl"; sourceTree = "<group>"; };
		EE9CDCA8251DAAAD00296520 /* kernalfr */ = {isa = PBXFileReference; lastKnownFileType = file; path = kernalfr; sourceTree = "<group>"; };
		EE9CDCA9251DAAAD00296520 /* ptoing.vpl */ = {isa = PBXFileReference; lastKnownFileType = text; path = ptoing.vpl; sourceTree = "<group>"; };
		EE9CDCAA251DAAAD00296520 /* kernalfi */ = {isa = PBXFileReference; lastKnownFileType = file; path = kernalfi; sourceTree = "<group>"; };
		EE9CDCAB251DAAAD00296520 /* basiclo */ = {isa = PBXFileReference; lastKnownFileType = file; path = basiclo; sourceTree = "<group>"; };
		EE9CDCAC251DAAAD00296520 /* vice.vpl */ = {isa = PBXFileReference; lastKnownFileType = text; path = vice.vpl; sourceTree = "<group>"; };
		EE9CDCAD251DAAAD00296520 /* pepto-palold.vpl */ = {isa = PBXFileReference; lastKnownFileType = text; path = "pepto-palold.vpl"; sourceTree = "<group>"; };
		EE9CDCAE251DAAAD00296520 /* kernal */ = {isa = PBXFileReference; lastKnownFileType = file; path = kernal; sourceTree = "<group>"; };
		EE9CDCB1251DAAAD00296520 /* kernalse */ = {isa = PBXFileReference; lastKnownFileType = file; path = kernalse; sourceTree = "<group>"; };
		EE9CDCB2251DAAAD00296520 /* chargse */ = {isa = PBXFileReference; lastKnownFileType = file; path = chargse; sourceTree = "<group>"; };
		EE9CDCB3251DAAAD00296520 /* chargno */ = {isa = PBXFileReference; lastKnownFileType = file; path = chargno; sourceTree = "<group>"; };
		EE9CDCB4251DAAAD00296520 /* kernalno */ = {isa = PBXFileReference; lastKnownFileType = file; path = kernalno; sourceTree = "<group>"; };
		EE9CDCB5251DAAAD00296520 /* vdc_comp.vpl */ = {isa = PBXFileReference; lastKnownFileType = text; path = vdc_comp.vpl; sourceTree = "<group>"; };
		EE9CDCB6251DAAAD00296520 /* cjam.vpl */ = {isa = PBXFileReference; lastKnownFileType = text; path = cjam.vpl; sourceTree = "<group>"; };
		EE9CDCB7251DAAAD00296520 /* rgb.vpl */ = {isa = PBXFileReference; lastKnownFileType = text; path = rgb.vpl; sourceTree = "<group>"; };
		EE9CDCB8251DAAAD00296520 /* chargch */ = {isa = PBXFileReference; lastKnownFileType = file; path = chargch; sourceTree = "<group>"; };
		EE9CDCB9251DAAAD00296520 /* kernalch */ = {isa = PBXFileReference; lastKnownFileType = file; path = kernalch; sourceTree = "<group>"; };
		EE9CDCBA251DAAAD00296520 /* kernalit */ = {isa = PBXFileReference; lastKnownFileType = file; path = kernalit; sourceTree = "<group>"; };
		EE9CDCBB251DAAAD00296520 /* ccs64.vpl */ = {isa = PBXFileReference; lastKnownFileType = text; path = ccs64.vpl; sourceTree = "<group>"; };
		EE9CDCBC251DAAAD00296520 /* deekay.vpl */ = {isa = PBXFileReference; lastKnownFileType = text; path = deekay.vpl; sourceTree = "<group>"; };
		EE9CDCBD251DAAAD00296520 /* c64hq.vpl */ = {isa = PBXFileReference; lastKnownFileType = text; path = c64hq.vpl; sourceTree = "<group>"; };
		EE9CDCBE251DAAAD00296520 /* vdc_deft.vpl */ = {isa = PBXFileReference; lastKnownFileType = text; path = vdc_deft.vpl; sourceTree = "<group>"; };
		EE9CDCC0251DAAAD00296520 /* frodo.vpl */ = {isa = PBXFileReference; lastKnownFileType = text; path = frodo.vpl; sourceTree = "<group>"; };
		EE9CDCC2251DAAAD00296520 /* c64s.vpl */ = {isa = PBXFileReference; lastKnownFileType = text; path = c64s.vpl; sourceTree = "<group>"; };
		EE9CDCC5251DAAAD00296520 /* colodore_vic.vpl */ = {isa = PBXFileReference; lastKnownFileType = text; path = colodore_vic.vpl; sourceTree = "<group>"; };
		EE9CDCC7251DAAAD00296520 /* default.vrs */ = {isa = PBXFileReference; lastKnownFileType = text; path = default.vrs; sourceTree = "<group>"; };
		EE9CDCC9251DAAAD00296520 /* chargen */ = {isa = PBXFileReference; lastKnownFileType = file; path = chargen; sourceTree = "<group>"; };
		EE9CDCCA251DAAAD00296520 /* basic */ = {isa = PBXFileReference; lastKnownFileType = file; path = basic; sourceTree = "<group>"; };
		EE9CDCCB251DAAAD00296520 /* vice.vpl */ = {isa = PBXFileReference; lastKnownFileType = text; path = vice.vpl; sourceTree = "<group>"; };
		EE9CDCCC251DAAAD00296520 /* kernal */ = {isa = PBXFileReference; lastKnownFileType = file; path = kernal; sourceTree = "<group>"; };
		EE9CDCCF251DAAAD00296520 /* mike-ntsc.vpl */ = {isa = PBXFileReference; lastKnownFileType = text; path = "mike-ntsc.vpl"; sourceTree = "<group>"; };
		EE9CDCD4251DAAAD00296520 /* mike-pal.vpl */ = {isa = PBXFileReference; lastKnownFileType = text; path = "mike-pal.vpl"; sourceTree = "<group>"; };
		EEB607B725226F0100EA1F3A /* c64mem.sym */ = {isa = PBXFileReference; lastKnownFileType = text; path = c64mem.sym; sourceTree = "<group>"; };
		EEB607BA25226F0100EA1F3A /* default.vrs */ = {isa = PBXFileReference; lastKnownFileType = text; path = default.vrs; sourceTree = "<group>"; };
		EEB607BC25226F0100EA1F3A /* chargen */ = {isa = PBXFileReference; lastKnownFileType = file; path = chargen; sourceTree = "<group>"; };
		EEB607C025226F0100EA1F3A /* basic */ = {isa = PBXFileReference; lastKnownFileType = file; path = basic; sourceTree = "<group>"; };
		EEB607C425226F0100EA1F3A /* kernal */ = {isa = PBXFileReference; lastKnownFileType = file; path = kernal; sourceTree = "<group>"; };
		EEB607D125226F0100EA1F3A /* dtvrom.bin */ = {isa = PBXFileReference; lastKnownFileType = archive.macbinary; path = dtvrom.bin; sourceTree = "<group>"; };
		EEB607D625226F0100EA1F3A /* spiff.vpl */ = {isa = PBXFileReference; lastKnownFileType = text; path = spiff.vpl; sourceTree = "<group>"; };
/* End PBXFileReference section */

/* Begin PBXFrameworksBuildPhase section */
		3EDA96801F19560C0015CED2 /* Frameworks */ = {
			isa = PBXFrameworksBuildPhase;
			buildActionMask = 2147483647;
			files = (
				3EDA96821F19560C0015CED2 /* libedit.3.0.tbd in Frameworks */,
				3EDA96831F19560C0015CED2 /* libz.tbd in Frameworks */,
				3EDA96841F19560C0015CED2 /* libstdc++.tbd in Frameworks */,
				EEB6072325226C4700EA1F3A /* liboex64dtv.dylib in Frameworks */,
				3EDA96851F19560C0015CED2 /* OpenEmuBase.framework in Frameworks */,
			);
			runOnlyForDeploymentPostprocessing = 0;
		};
/* End PBXFrameworksBuildPhase section */

/* Begin PBXGroup section */
		0596038F1C3B6E81005C174C = {
			isa = PBXGroup;
			children = (
				0598D2471C44BE2000E456A6 /* Core */,
				87BEF9302175212400E38B38 /* Resources */,
				059612CF1C3CEE6A005C174C /* Frameworks */,
				059603991C3B6E81005C174C /* Products */,
			);
			sourceTree = "<group>";
		};
		059603991C3B6E81005C174C /* Products */ = {
			isa = PBXGroup;
			children = (
				3EDA96DB1F19560C0015CED2 /* VICE.oecoreplugin */,
			);
			name = Products;
			sourceTree = "<group>";
		};
		059612CF1C3CEE6A005C174C /* Frameworks */ = {
			isa = PBXGroup;
			children = (
				EE49398E2521803F00F4FE78 /* liboex64dtv.dylib */,
				EE9CDC89251D698B00296520 /* liboex64sc.dylib */,
				EE9CDC8A251D698B00296520 /* liboex128.dylib */,
				EE9CDC8B251D698C00296520 /* liboexvic20.dylib */,
				3EDA98B01F197B770015CED2 /* Cocoa.framework */,
				3EDA98AC1F197B540015CED2 /* OpenEmuBase.framework */,
				3EDA98AD1F197B540015CED2 /* OpenEmuSystem.framework */,
				3E6E5E3B1F17301C007FEF0A /* libedit.3.tbd */,
				3E1BCCA31F16DA250022C2EF /* libedit.3.0.tbd */,
				0598D2561C44C38200E456A6 /* OpenEmuBase.framework */,
				059611FE1C3C4866005C174C /* libedit.tbd */,
				059611FC1C3C4846005C174C /* AudioToolbox.framework */,
				059611FA1C3C482C005C174C /* libstdc++.tbd */,
				059611F81C3C47FD005C174C /* libz.tbd */,
				059611F61C3C478E005C174C /* CoreAudio.framework */,
			);
			name = Frameworks;
			sourceTree = "<group>";
		};
		0598D2471C44BE2000E456A6 /* Core */ = {
			isa = PBXGroup;
			children = (
				3E3DDE7E1F46863A00639644 /* OEC64SystemResponderClient.h */,
				0598D2521C44C2CB00E456A6 /* Classes */,
				05A897FE23EF5E9C000CA1D2 /* vice */,
			);
			path = Core;
			sourceTree = "<group>";
		};
		0598D2521C44C2CB00E456A6 /* Classes */ = {
			isa = PBXGroup;
			children = (
				0598D2531C44C2FB00E456A6 /* ViceGameCore.h */,
				0598D2541C44C2FB00E456A6 /* ViceGameCore.m */,
			);
			path = Classes;
			sourceTree = "<group>";
		};
		05A8973D23EF5CFD000CA1D2 /* ROMS */ = {
			isa = PBXGroup;
			children = (
				EEB607B425226F0100EA1F3A /* C64DTV */,
				EE9CDC96251DAAAD00296520 /* C128 */,
				EE9CDCC4251DAAAD00296520 /* VIC20 */,
				05A8974F23EF5D2C000CA1D2 /* C64 */,
				05A8973E23EF5D2C000CA1D2 /* DRIVES */,
			);
			name = ROMS;
			sourceTree = "<group>";
		};
		05A8973E23EF5D2C000CA1D2 /* DRIVES */ = {
			isa = PBXGroup;
			children = (
				05A8973F23EF5D2C000CA1D2 /* dos2031 */,
				05A8974123EF5D2C000CA1D2 /* dos2040 */,
				05A8974223EF5D2C000CA1D2 /* dos1541 */,
				05A8974323EF5D2C000CA1D2 /* dos1570 */,
				05A8974423EF5D2C000CA1D2 /* dos1571 */,
				05A8974523EF5D2C000CA1D2 /* dos1540 */,
				05A8974623EF5D2C000CA1D2 /* d1541II */,
				05A8974723EF5D2C000CA1D2 /* dos3040 */,
				05A8974923EF5D2C000CA1D2 /* dos4040 */,
				05A8974A23EF5D2C000CA1D2 /* dos1551 */,
				05A8974B23EF5D2C000CA1D2 /* d1571cr */,
				05A8974C23EF5D2C000CA1D2 /* dos1001 */,
				05A8974E23EF5D2C000CA1D2 /* dos1581 */,
			);
			name = DRIVES;
			path = deps/vice/data/DRIVES;
			sourceTree = SOURCE_ROOT;
		};
		05A8974F23EF5D2C000CA1D2 /* C64 */ = {
			isa = PBXGroup;
			children = (
				05A8982423F1229F000CA1D2 /* osx_pos.vkm */,
				05A8982523F1229F000CA1D2 /* osx_sym.vkm */,
				05A8976823EF5D2C000CA1D2 /* basic */,
				05A8976123EF5D2C000CA1D2 /* chargen */,
				05A8978923EF5D2C000CA1D2 /* edkernal */,
				05A8975E23EF5D2C000CA1D2 /* gskernal */,
				05A8975F23EF5D2C000CA1D2 /* jpchrgen */,
				05A8978523EF5D2C000CA1D2 /* jpkernal */,
				05A8976E23EF5D2C000CA1D2 /* kernal */,
				05A8975623EF5D2C000CA1D2 /* c64mem.sym */,
				05A8977A23EF5D2C000CA1D2 /* sdl_joymap_ps3.vjm */,
				05A8978123EF5D2C000CA1D2 /* c64hq.vpl */,
				05A8978623EF5D2C000CA1D2 /* c64s.vpl */,
				05A8977B23EF5D2C000CA1D2 /* ccs64.vpl */,
				05A8977823EF5D2C000CA1D2 /* cjam.vpl */,
				05A8975123EF5D2C000CA1D2 /* colodore.vpl */,
				05A8975723EF5D2C000CA1D2 /* community-colors.vpl */,
				05A8977F23EF5D2C000CA1D2 /* deekay.vpl */,
				05A8978323EF5D2C000CA1D2 /* frodo.vpl */,
				05A8975823EF5D2C000CA1D2 /* godot.vpl */,
				05A8975323EF5D2C000CA1D2 /* pc64.vpl */,
				05A8975C23EF5D2C000CA1D2 /* pepto-ntsc-sony.vpl */,
				05A8975A23EF5D2C000CA1D2 /* pepto-ntsc.vpl */,
				05A8976323EF5D2C000CA1D2 /* pepto-pal.vpl */,
				05A8976B23EF5D2C000CA1D2 /* pepto-palold.vpl */,
				05A8976523EF5D2C000CA1D2 /* ptoing.vpl */,
				05A8977923EF5D2C000CA1D2 /* rgb.vpl */,
				05A8976A23EF5D2C000CA1D2 /* vice.vpl */,
				05A8975D23EF5D2C000CA1D2 /* default.vrs */,
			);
			name = C64;
			path = deps/vice/data/C64;
			sourceTree = SOURCE_ROOT;
		};
		05A897FE23EF5E9C000CA1D2 /* vice */ = {
			isa = PBXGroup;
			children = (
				EE9CDBE9251D498B00296520 /* archdep */,
				05A897FF23EF5ECC000CA1D2 /* public */,
			);
			name = vice;
			sourceTree = "<group>";
		};
		05A897FF23EF5ECC000CA1D2 /* public */ = {
			isa = PBXGroup;
			children = (
				EE49398D25211F6B00F4FE78 /* C64dtv.h */,
				EE9CDB5B251D487F00296520 /* Vic20.h */,
				EE9CDB53251BFBD900296520 /* C128.h */,
				05A8980723EF7DD5000CA1D2 /* archdep.h */,
				05A8980023EF5ECC000CA1D2 /* C64.h */,
				05A8980123EF5ECC000CA1D2 /* api.h */,
				05A8980223EF5ECC000CA1D2 /* oecommon.h */,
			);
			name = public;
			path = deps/vice/src/arch/oeheadless/public;
			sourceTree = SOURCE_ROOT;
		};
		87BEF9302175212400E38B38 /* Resources */ = {
			isa = PBXGroup;
			children = (
				05A8973D23EF5CFD000CA1D2 /* ROMS */,
				87BEF9312175226000E38B38 /* Info.plist */,
			);
			path = Resources;
			sourceTree = "<group>";
		};
		EE9CDBE9251D498B00296520 /* archdep */ = {
			isa = PBXGroup;
			children = (
				EE49398B25211F5000F4FE78 /* C64dtv_archdep.h */,
				EE9CDBEA251D49CE00296520 /* C64_archdep.h */,
				EE9CDBEB251D49CE00296520 /* C128_archdep.h */,
				EE9CDBEC251D49CE00296520 /* Vic20_archdep.h */,
			);
			name = archdep;
			path = "/Users/haverlan@us.ibm.com/Documents/Code/OpenEmu/Vice/Core/archdep";
			sourceTree = "<absolute>";
		};
		EE9CDC96251DAAAD00296520 /* C128 */ = {
			isa = PBXGroup;
			children = (
				EE9CDC97251DAAAD00296520 /* kernal64 */,
				EE9CDC98251DAAAD00296520 /* basichi */,
				EE9CDC99251DAAAD00296520 /* colodore.vpl */,
				EE9CDC9A251DAAAD00296520 /* pc64.vpl */,
				EE9CDC9B251DAAAD00296520 /* kernalde */,
				EE9CDC9C251DAAAD00296520 /* basic64 */,
				EE9CDC9D251DAAAD00296520 /* community-colors.vpl */,
				EE9CDC9E251DAAAD00296520 /* godot.vpl */,
				EE9CDC9F251DAAAD00296520 /* chargde */,
				EE9CDCA1251DAAAD00296520 /* pepto-ntsc.vpl */,
				EE9CDCA2251DAAAD00296520 /* pepto-ntsc-sony.vpl */,
				EE9CDCA3251DAAAD00296520 /* default.vrs */,
				EE9CDCA5251DAAAD00296520 /* chargen */,
				EE9CDCA6251DAAAD00296520 /* chargfr */,
				EE9CDCA7251DAAAD00296520 /* pepto-pal.vpl */,
				EE9CDCA8251DAAAD00296520 /* kernalfr */,
				EE9CDCA9251DAAAD00296520 /* ptoing.vpl */,
				EE9CDCAA251DAAAD00296520 /* kernalfi */,
				EE9CDCAB251DAAAD00296520 /* basiclo */,
				EE9CDCAC251DAAAD00296520 /* vice.vpl */,
				EE9CDCAD251DAAAD00296520 /* pepto-palold.vpl */,
				EE9CDCAE251DAAAD00296520 /* kernal */,
				EE9CDCB1251DAAAD00296520 /* kernalse */,
				EE9CDCB2251DAAAD00296520 /* chargse */,
				EE9CDCB3251DAAAD00296520 /* chargno */,
				EE9CDCB4251DAAAD00296520 /* kernalno */,
				EE9CDCB5251DAAAD00296520 /* vdc_comp.vpl */,
				EE9CDCB6251DAAAD00296520 /* cjam.vpl */,
				EE9CDCB7251DAAAD00296520 /* rgb.vpl */,
				EE9CDCB8251DAAAD00296520 /* chargch */,
				EE9CDCB9251DAAAD00296520 /* kernalch */,
				EE9CDCBA251DAAAD00296520 /* kernalit */,
				EE9CDCBB251DAAAD00296520 /* ccs64.vpl */,
				EE9CDCBC251DAAAD00296520 /* deekay.vpl */,
				EE9CDCBD251DAAAD00296520 /* c64hq.vpl */,
				EE9CDCBE251DAAAD00296520 /* vdc_deft.vpl */,
				EE9CDCC0251DAAAD00296520 /* frodo.vpl */,
				EE9CDCC2251DAAAD00296520 /* c64s.vpl */,
			);
			name = C128;
			path = deps/vice/data/C128;
			sourceTree = SOURCE_ROOT;
		};
		EE9CDCC4251DAAAD00296520 /* VIC20 */ = {
			isa = PBXGroup;
			children = (
				EE9CDCC5251DAAAD00296520 /* colodore_vic.vpl */,
				EE9CDCC7251DAAAD00296520 /* default.vrs */,
				EE9CDCC9251DAAAD00296520 /* chargen */,
				EE9CDCCA251DAAAD00296520 /* basic */,
				EE9CDCCB251DAAAD00296520 /* vice.vpl */,
				EE9CDCCC251DAAAD00296520 /* kernal */,
				EE9CDCCF251DAAAD00296520 /* mike-ntsc.vpl */,
				EE9CDCD4251DAAAD00296520 /* mike-pal.vpl */,
			);
			name = VIC20;
			path = deps/vice/data/VIC20;
			sourceTree = SOURCE_ROOT;
		};
		EEB607B425226F0100EA1F3A /* C64DTV */ = {
			isa = PBXGroup;
			children = (
				EEB607B725226F0100EA1F3A /* c64mem.sym */,
				EEB607BA25226F0100EA1F3A /* default.vrs */,
				EEB607BC25226F0100EA1F3A /* chargen */,
				EEB607C025226F0100EA1F3A /* basic */,
				EEB607C425226F0100EA1F3A /* kernal */,
				EEB607D125226F0100EA1F3A /* dtvrom.bin */,
				EEB607D625226F0100EA1F3A /* spiff.vpl */,
			);
			name = C64DTV;
			path = deps/vice/data/C64DTV;
			sourceTree = SOURCE_ROOT;
		};
/* End PBXGroup section */

/* Begin PBXNativeTarget section */
		3EDA96361F19560C0015CED2 /* VICE */ = {
			isa = PBXNativeTarget;
			buildConfigurationList = 3EDA96D81F19560C0015CED2 /* Build configuration list for PBXNativeTarget "VICE" */;
			buildPhases = (
				3EDA967B1F19560C0015CED2 /* Sources */,
				3EDA96801F19560C0015CED2 /* Frameworks */,
				3EDA96861F19560C0015CED2 /* Resources */,
				3EDA96881F19560C0015CED2 /* Copy C64 ROM Files */,
				3EDA96A41F19560C0015CED2 /* Copy Drive ROM Files */,
				EE9CDCD5251DAAD300296520 /* Copy C128 ROM Files */,
				EE9CDD04251DAB9300296520 /* Copy Vic20 ROM Files */,
				EEB6072525226C4700EA1F3A /* Embed Libraries */,
				EEB607D825226F4500EA1F3A /* CopyFiles */,
			);
			buildRules = (
			);
			dependencies = (
			);
			name = VICE;
			productName = VICE;
			productReference = 3EDA96DB1F19560C0015CED2 /* VICE.oecoreplugin */;
			productType = "com.apple.product-type.bundle";
		};
/* End PBXNativeTarget section */

/* Begin PBXProject section */
		059603901C3B6E81005C174C /* Project object */ = {
			isa = PBXProject;
			attributes = {
				LastSwiftUpdateCheck = 0720;
				LastUpgradeCheck = 1140;
				ORGANIZATIONNAME = "Stuart Carnie";
				TargetAttributes = {
					0598D2791C44E5F400E456A6 = {
						CreatedOnToolsVersion = 7.2;
					};
				};
			};
			buildConfigurationList = 059603931C3B6E81005C174C /* Build configuration list for PBXProject "VICE" */;
			compatibilityVersion = "Xcode 11.0";
			developmentRegion = en;
			hasScannedForEncodings = 0;
			knownRegions = (
				en,
				Base,
			);
			mainGroup = 0596038F1C3B6E81005C174C;
			productRefGroup = 059603991C3B6E81005C174C /* Products */;
			projectDirPath = "";
			projectRoot = "";
			targets = (
				3EDA96361F19560C0015CED2 /* VICE */,
				0598D2791C44E5F400E456A6 /* Build and Install VICE */,
			);
		};
/* End PBXProject section */

/* Begin PBXResourcesBuildPhase section */
		3EDA96861F19560C0015CED2 /* Resources */ = {
			isa = PBXResourcesBuildPhase;
			buildActionMask = 2147483647;
			files = (
			);
			runOnlyForDeploymentPostprocessing = 0;
		};
/* End PBXResourcesBuildPhase section */

/* Begin PBXShellScriptBuildPhase section */
		0598D27F1C44E60300E456A6 /* ShellScript */ = {
			isa = PBXShellScriptBuildPhase;
			buildActionMask = 2147483647;
			files = (
			);
			inputPaths = (
			);
			outputPaths = (
			);
			runOnlyForDeploymentPostprocessing = 0;
			shellPath = /bin/sh;
			shellScript = "mkdir -p \"$USER_LIBRARY_DIR/Application Support/OpenEmu/Cores\"\nrm -rf \"$USER_LIBRARY_DIR/Application Support/OpenEmu/Cores/$PROJECT_NAME.oecoreplugin\"{,.dSYM}\ncp -rf \"$BUILT_PRODUCTS_DIR/$PROJECT_NAME.oecoreplugin\"{,.dSYM} \"$USER_LIBRARY_DIR/Application Support/OpenEmu/Cores/\"\n";
		};
/* End PBXShellScriptBuildPhase section */

/* Begin PBXSourcesBuildPhase section */
		3EDA967B1F19560C0015CED2 /* Sources */ = {
			isa = PBXSourcesBuildPhase;
			buildActionMask = 2147483647;
			files = (
				3EDA967E1F19560C0015CED2 /* ViceGameCore.m in Sources */,
			);
			runOnlyForDeploymentPostprocessing = 0;
		};
/* End PBXSourcesBuildPhase section */

/* Begin PBXTargetDependency section */
		3EEBAD9F1F4374EA00E0340A /* PBXTargetDependency */ = {
			isa = PBXTargetDependency;
			target = 3EDA96361F19560C0015CED2 /* VICE */;
			targetProxy = 3EEBAD9E1F4374EA00E0340A /* PBXContainerItemProxy */;
		};
/* End PBXTargetDependency section */

/* Begin XCBuildConfiguration section */
		059603A71C3B6E81005C174C /* Debug */ = {
			isa = XCBuildConfiguration;
			buildSettings = {
				ALWAYS_SEARCH_USER_PATHS = NO;
				CLANG_ANALYZER_LOCALIZABILITY_NONLOCALIZED = YES;
				CLANG_CXX_LANGUAGE_STANDARD = "c++14";
				CLANG_CXX_LIBRARY = "libc++";
				CLANG_ENABLE_MODULES = YES;
				CLANG_ENABLE_OBJC_ARC = YES;
				CLANG_WARN_BLOCK_CAPTURE_AUTORELEASING = YES;
				CLANG_WARN_BOOL_CONVERSION = YES;
				CLANG_WARN_COMMA = YES;
				CLANG_WARN_CONSTANT_CONVERSION = YES;
				CLANG_WARN_DEPRECATED_OBJC_IMPLEMENTATIONS = YES;
				CLANG_WARN_DIRECT_OBJC_ISA_USAGE = YES_ERROR;
				CLANG_WARN_EMPTY_BODY = YES;
				CLANG_WARN_ENUM_CONVERSION = YES;
				CLANG_WARN_INFINITE_RECURSION = YES;
				CLANG_WARN_INT_CONVERSION = YES;
				CLANG_WARN_NON_LITERAL_NULL_CONVERSION = YES;
				CLANG_WARN_OBJC_IMPLICIT_RETAIN_SELF = YES;
				CLANG_WARN_OBJC_LITERAL_CONVERSION = YES;
				CLANG_WARN_OBJC_ROOT_CLASS = YES_ERROR;
				CLANG_WARN_RANGE_LOOP_ANALYSIS = YES;
				CLANG_WARN_STRICT_PROTOTYPES = YES;
				CLANG_WARN_SUSPICIOUS_MOVE = YES;
				CLANG_WARN_UNREACHABLE_CODE = YES;
				CLANG_WARN__DUPLICATE_METHOD_MATCH = YES;
				COPY_PHASE_STRIP = NO;
				DEBUG_INFORMATION_FORMAT = dwarf;
				ENABLE_STRICT_OBJC_MSGSEND = YES;
				ENABLE_TESTABILITY = YES;
				GCC_C_LANGUAGE_STANDARD = gnu99;
				GCC_DYNAMIC_NO_PIC = NO;
				GCC_INPUT_FILETYPE = automatic;
				GCC_NO_COMMON_BLOCKS = YES;
				GCC_OPTIMIZATION_LEVEL = 0;
				GCC_PREPROCESSOR_DEFINITIONS = (
					"MACOSX_SUPPORT=1",
					"DEBUG=1",
				);
				GCC_WARN_64_TO_32_BIT_CONVERSION = NO;
				GCC_WARN_ABOUT_RETURN_TYPE = YES_ERROR;
				GCC_WARN_UNDECLARED_SELECTOR = YES;
				GCC_WARN_UNINITIALIZED_AUTOS = YES_AGGRESSIVE;
				GCC_WARN_UNUSED_FUNCTION = YES;
				GCC_WARN_UNUSED_VARIABLE = YES;
				MACOSX_DEPLOYMENT_TARGET = 10.14.4;
				MTL_ENABLE_DEBUG_INFO = YES;
				ONLY_ACTIVE_ARCH = YES;
				SDKROOT = macosx;
				VALID_ARCHS = x86_64;
			};
			name = Debug;
		};
		059603A81C3B6E81005C174C /* Release */ = {
			isa = XCBuildConfiguration;
			buildSettings = {
				ALWAYS_SEARCH_USER_PATHS = NO;
				CLANG_ANALYZER_LOCALIZABILITY_NONLOCALIZED = YES;
				CLANG_CXX_LANGUAGE_STANDARD = "c++14";
				CLANG_CXX_LIBRARY = "libc++";
				CLANG_ENABLE_MODULES = YES;
				CLANG_ENABLE_OBJC_ARC = YES;
				CLANG_WARN_BLOCK_CAPTURE_AUTORELEASING = YES;
				CLANG_WARN_BOOL_CONVERSION = YES;
				CLANG_WARN_COMMA = YES;
				CLANG_WARN_CONSTANT_CONVERSION = YES;
				CLANG_WARN_DEPRECATED_OBJC_IMPLEMENTATIONS = YES;
				CLANG_WARN_DIRECT_OBJC_ISA_USAGE = YES_ERROR;
				CLANG_WARN_EMPTY_BODY = YES;
				CLANG_WARN_ENUM_CONVERSION = YES;
				CLANG_WARN_INFINITE_RECURSION = YES;
				CLANG_WARN_INT_CONVERSION = YES;
				CLANG_WARN_NON_LITERAL_NULL_CONVERSION = YES;
				CLANG_WARN_OBJC_IMPLICIT_RETAIN_SELF = YES;
				CLANG_WARN_OBJC_LITERAL_CONVERSION = YES;
				CLANG_WARN_OBJC_ROOT_CLASS = YES_ERROR;
				CLANG_WARN_RANGE_LOOP_ANALYSIS = YES;
				CLANG_WARN_STRICT_PROTOTYPES = YES;
				CLANG_WARN_SUSPICIOUS_MOVE = YES;
				CLANG_WARN_UNREACHABLE_CODE = YES;
				CLANG_WARN__DUPLICATE_METHOD_MATCH = YES;
				COPY_PHASE_STRIP = NO;
				DEBUG_INFORMATION_FORMAT = "dwarf-with-dsym";
				ENABLE_NS_ASSERTIONS = NO;
				ENABLE_STRICT_OBJC_MSGSEND = YES;
				GCC_C_LANGUAGE_STANDARD = gnu99;
				GCC_INPUT_FILETYPE = automatic;
				GCC_NO_COMMON_BLOCKS = YES;
				GCC_PREPROCESSOR_DEFINITIONS = "MACOSX_SUPPORT=1";
				GCC_WARN_64_TO_32_BIT_CONVERSION = NO;
				GCC_WARN_ABOUT_RETURN_TYPE = YES_ERROR;
				GCC_WARN_UNDECLARED_SELECTOR = YES;
				GCC_WARN_UNINITIALIZED_AUTOS = YES_AGGRESSIVE;
				GCC_WARN_UNUSED_FUNCTION = YES;
				GCC_WARN_UNUSED_VARIABLE = YES;
				MACOSX_DEPLOYMENT_TARGET = 10.14.4;
				MTL_ENABLE_DEBUG_INFO = NO;
				SDKROOT = macosx;
				VALID_ARCHS = x86_64;
			};
			name = Release;
		};
		0598D27B1C44E5F400E456A6 /* Debug */ = {
			isa = XCBuildConfiguration;
			buildSettings = {
				PRODUCT_NAME = "$(TARGET_NAME)";
			};
			name = Debug;
		};
		0598D27C1C44E5F400E456A6 /* Release */ = {
			isa = XCBuildConfiguration;
			buildSettings = {
				PRODUCT_NAME = "$(TARGET_NAME)";
			};
			name = Release;
		};
		3EDA96D91F19560C0015CED2 /* Debug */ = {
			isa = XCBuildConfiguration;
			buildSettings = {
				ALWAYS_SEARCH_USER_PATHS = NO;
				COMBINE_HIDPI_IMAGES = YES;
				DEBUG_INFORMATION_FORMAT = "dwarf-with-dsym";
				GCC_WARN_64_TO_32_BIT_CONVERSION = YES;
				INFOPLIST_FILE = Info.plist;
				INSTALL_PATH = "\"$(USER_LIBRARY_DIR)/Application Support/OpenEmu/Cores\"";
				LD_RUNPATH_SEARCH_PATHS = "@loader_path/../Frameworks";
				LIBRARY_SEARCH_PATHS = (
					"$(inherited)",
					"$(PROJECT_DIR)/deps/vice",
				);
				PRECOMPS_INCLUDE_HEADERS_FROM_BUILT_PRODUCTS_DIR = YES;
				PRODUCT_BUNDLE_IDENTIFIER = "org.openemu.${PRODUCT_NAME:identifier}";
				PRODUCT_NAME = "$(TARGET_NAME)";
				SKIP_INSTALL = YES;
				VALID_ARCHS = x86_64;
				WRAPPER_EXTENSION = oecoreplugin;
			};
			name = Debug;
		};
		3EDA96DA1F19560C0015CED2 /* Release */ = {
			isa = XCBuildConfiguration;
			buildSettings = {
				ALWAYS_SEARCH_USER_PATHS = NO;
				COMBINE_HIDPI_IMAGES = YES;
				GCC_OPTIMIZATION_LEVEL = 3;
				GCC_WARN_64_TO_32_BIT_CONVERSION = YES;
				INFOPLIST_FILE = Info.plist;
				INSTALL_PATH = "\"$(USER_LIBRARY_DIR)/Application Support/OpenEmu/Cores\"";
				LD_RUNPATH_SEARCH_PATHS = "@loader_path/../Frameworks";
				LIBRARY_SEARCH_PATHS = (
					"$(inherited)",
					"$(PROJECT_DIR)/deps/vice",
				);
				PRECOMPS_INCLUDE_HEADERS_FROM_BUILT_PRODUCTS_DIR = YES;
				PRODUCT_BUNDLE_IDENTIFIER = "org.openemu.${PRODUCT_NAME:identifier}";
				PRODUCT_NAME = "$(TARGET_NAME)";
				SKIP_INSTALL = YES;
				VALID_ARCHS = x86_64;
				WRAPPER_EXTENSION = oecoreplugin;
			};
			name = Release;
		};
/* End XCBuildConfiguration section */

/* Begin XCConfigurationList section */
		059603931C3B6E81005C174C /* Build configuration list for PBXProject "VICE" */ = {
			isa = XCConfigurationList;
			buildConfigurations = (
				059603A71C3B6E81005C174C /* Debug */,
				059603A81C3B6E81005C174C /* Release */,
			);
			defaultConfigurationIsVisible = 0;
			defaultConfigurationName = Release;
		};
		0598D27A1C44E5F400E456A6 /* Build configuration list for PBXAggregateTarget "Build and Install VICE" */ = {
			isa = XCConfigurationList;
			buildConfigurations = (
				0598D27B1C44E5F400E456A6 /* Debug */,
				0598D27C1C44E5F400E456A6 /* Release */,
			);
			defaultConfigurationIsVisible = 0;
			defaultConfigurationName = Release;
		};
		3EDA96D81F19560C0015CED2 /* Build configuration list for PBXNativeTarget "VICE" */ = {
			isa = XCConfigurationList;
			buildConfigurations = (
				3EDA96D91F19560C0015CED2 /* Debug */,
				3EDA96DA1F19560C0015CED2 /* Release */,
			);
			defaultConfigurationIsVisible = 0;
			defaultConfigurationName = Release;
		};
/* End XCConfigurationList section */
	};
	rootObject = 059603901C3B6E81005C174C /* Project object */;
}
