// !$*UTF8*$!
{
	archiveVersion = 1;
	classes = {
	};
	objectVersion = 47;
	objects = {

/* Begin PBXAggregateTarget section */
		0598D2791C44E5F400E456A6 /* Build and Install VICE */ = {
			isa = PBXAggregateTarget;
			buildConfigurationList = 0598D27A1C44E5F400E456A6 /* Build configuration list for PBXAggregateTarget "Build and Install VICE" */;
			buildPhases = (
				0598D27F1C44E60300E456A6 /* ShellScript */,
			);
			dependencies = (
				3EEBAD9F1F4374EA00E0340A /* PBXTargetDependency */,
			);
			name = "Build and Install VICE";
			productName = "Build and Install VICE";
		};
/* End PBXAggregateTarget section */

/* Begin PBXBuildFile section */
		3EDA967D1F19560C0015CED2 /* vice_stubs.c in Sources */ = {isa = PBXBuildFile; fileRef = 0558B2ED1C46BCA200D6B7DA /* vice_stubs.c */; };
		3EDA967E1F19560C0015CED2 /* ViceGameCore.m in Sources */ = {isa = PBXBuildFile; fileRef = 0598D2541C44C2FB00E456A6 /* ViceGameCore.m */; };
		3EDA96821F19560C0015CED2 /* libedit.3.0.tbd in Frameworks */ = {isa = PBXBuildFile; fileRef = 3E1BCCA31F16DA250022C2EF /* libedit.3.0.tbd */; };
		3EDA96831F19560C0015CED2 /* libz.tbd in Frameworks */ = {isa = PBXBuildFile; fileRef = 059611F81C3C47FD005C174C /* libz.tbd */; };
		3EDA96841F19560C0015CED2 /* libstdc++.tbd in Frameworks */ = {isa = PBXBuildFile; fileRef = 059611FA1C3C482C005C174C /* libstdc++.tbd */; };
		3EDA96851F19560C0015CED2 /* OpenEmuBase.framework in Frameworks */ = {isa = PBXBuildFile; fileRef = 0598D2561C44C38200E456A6 /* OpenEmuBase.framework */; };
		EE0D6E7D228CABF400D721E9 /* main_program.m in Sources */ = {isa = PBXBuildFile; fileRef = 0598D25D1C44DF9600E456A6 /* main_program.m */; };
		EE0D700E228DA44D00D721E9 /* osx_pos.vkm in Copy C64 ROM Files */ = {isa = PBXBuildFile; fileRef = EE0D700D228DA44200D721E9 /* osx_pos.vkm */; };
		EE0D700F228DA44D00D721E9 /* osx_sym_de.vkm in Copy C64 ROM Files */ = {isa = PBXBuildFile; fileRef = EE0D700B228DA44100D721E9 /* osx_sym_de.vkm */; };
		EE0D7010228DA44D00D721E9 /* osx_sym.vkm in Copy C64 ROM Files */ = {isa = PBXBuildFile; fileRef = EE0D700C228DA44100D721E9 /* osx_sym.vkm */; };
/* End PBXBuildFile section */

/* Begin PBXContainerItemProxy section */
		3EEBAD9E1F4374EA00E0340A /* PBXContainerItemProxy */ = {
			isa = PBXContainerItemProxy;
			containerPortal = 059603901C3B6E81005C174C /* Project object */;
			proxyType = 1;
			remoteGlobalIDString = 3EDA96361F19560C0015CED2;
			remoteInfo = "VICE C64";
		};
/* End PBXContainerItemProxy section */

/* Begin PBXCopyFilesBuildPhase section */
		3EDA96881F19560C0015CED2 /* Copy C64 ROM Files */ = {
			isa = PBXCopyFilesBuildPhase;
			buildActionMask = 2147483647;
			dstPath = ROM/C64;
			dstSubfolderSpec = 7;
			files = (
				EE0D700E228DA44D00D721E9 /* osx_pos.vkm in Copy C64 ROM Files */,
				EE0D700F228DA44D00D721E9 /* osx_sym_de.vkm in Copy C64 ROM Files */,
				EE0D7010228DA44D00D721E9 /* osx_sym.vkm in Copy C64 ROM Files */,
			);
			name = "Copy C64 ROM Files";
			runOnlyForDeploymentPostprocessing = 0;
		};
		3EDA96A41F19560C0015CED2 /* Copy Drive ROM Files */ = {
			isa = PBXCopyFilesBuildPhase;
			buildActionMask = 2147483647;
			dstPath = ROM/DRIVES;
			dstSubfolderSpec = 7;
			files = (
			);
			name = "Copy Drive ROM Files";
			runOnlyForDeploymentPostprocessing = 0;
		};
/* End PBXCopyFilesBuildPhase section */

/* Begin PBXFileReference section */
		052EF8621C4A2DB5009B8400 /* ui.h */ = {isa = PBXFileReference; fileEncoding = 4; lastKnownFileType = sourcecode.c.h; path = ui.h; sourceTree = "<group>"; };
		0558B2A81C46066200D6B7DA /* vsyncarch.m */ = {isa = PBXFileReference; fileEncoding = 4; lastKnownFileType = sourcecode.c.objc; path = vsyncarch.m; sourceTree = "<group>"; };
		0558B2EC1C46BA5F00D6B7DA /* main_program.h */ = {isa = PBXFileReference; lastKnownFileType = sourcecode.c.h; path = main_program.h; sourceTree = "<group>"; };
		0558B2ED1C46BCA200D6B7DA /* vice_stubs.c */ = {isa = PBXFileReference; fileEncoding = 4; lastKnownFileType = sourcecode.c.c; path = vice_stubs.c; sourceTree = "<group>"; };
		0558B2F71C48BA1900D6B7DA /* joy.h */ = {isa = PBXFileReference; lastKnownFileType = sourcecode.c.h; path = joy.h; sourceTree = "<group>"; };
		059611F61C3C478E005C174C /* CoreAudio.framework */ = {isa = PBXFileReference; lastKnownFileType = wrapper.framework; name = CoreAudio.framework; path = System/Library/Frameworks/CoreAudio.framework; sourceTree = SDKROOT; };
		059611F81C3C47FD005C174C /* libz.tbd */ = {isa = PBXFileReference; lastKnownFileType = "sourcecode.text-based-dylib-definition"; name = libz.tbd; path = usr/lib/libz.tbd; sourceTree = SDKROOT; };
		059611FA1C3C482C005C174C /* libstdc++.tbd */ = {isa = PBXFileReference; lastKnownFileType = "sourcecode.text-based-dylib-definition"; name = "libstdc++.tbd"; path = "usr/lib/libstdc++.tbd"; sourceTree = SDKROOT; };
		059611FC1C3C4846005C174C /* AudioToolbox.framework */ = {isa = PBXFileReference; lastKnownFileType = wrapper.framework; name = AudioToolbox.framework; path = System/Library/Frameworks/AudioToolbox.framework; sourceTree = SDKROOT; };
		059611FE1C3C4866005C174C /* libedit.tbd */ = {isa = PBXFileReference; lastKnownFileType = "sourcecode.text-based-dylib-definition"; name = libedit.tbd; path = usr/lib/libedit.tbd; sourceTree = SDKROOT; };
		0598D2531C44C2FB00E456A6 /* ViceGameCore.h */ = {isa = PBXFileReference; fileEncoding = 4; lastKnownFileType = sourcecode.c.h; path = ViceGameCore.h; sourceTree = "<group>"; };
		0598D2541C44C2FB00E456A6 /* ViceGameCore.m */ = {isa = PBXFileReference; fileEncoding = 4; lastKnownFileType = sourcecode.c.objc; path = ViceGameCore.m; sourceTree = "<group>"; };
		0598D2561C44C38200E456A6 /* OpenEmuBase.framework */ = {isa = PBXFileReference; lastKnownFileType = wrapper.framework; name = OpenEmuBase.framework; path = "../OpenEmu-SDK/build/Debug/OpenEmuBase.framework"; sourceTree = "<group>"; };
		0598D25C1C44DF9600E456A6 /* kbd.c */ = {isa = PBXFileReference; fileEncoding = 4; lastKnownFileType = sourcecode.c.c; path = kbd.c; sourceTree = "<group>"; };
		0598D25D1C44DF9600E456A6 /* main_program.m */ = {isa = PBXFileReference; fileEncoding = 4; lastKnownFileType = sourcecode.c.objc; path = main_program.m; sourceTree = "<group>"; };
		0598D2601C44DF9600E456A6 /* ui.c */ = {isa = PBXFileReference; fileEncoding = 4; lastKnownFileType = sourcecode.c.c; path = ui.c; sourceTree = "<group>"; };
		0598D2641C44DF9600E456A6 /* video.c */ = {isa = PBXFileReference; fileEncoding = 4; lastKnownFileType = sourcecode.c.c; path = video.c; sourceTree = "<group>"; };
		0598D2651C44DF9600E456A6 /* videoarch.h */ = {isa = PBXFileReference; fileEncoding = 4; lastKnownFileType = sourcecode.c.h; path = videoarch.h; sourceTree = "<group>"; };
		0598D2771C44E2FF00E456A6 /* kbd.h */ = {isa = PBXFileReference; fileEncoding = 4; lastKnownFileType = sourcecode.c.h; path = kbd.h; sourceTree = "<group>"; };
		3E1BCCA31F16DA250022C2EF /* libedit.3.0.tbd */ = {isa = PBXFileReference; lastKnownFileType = "sourcecode.text-based-dylib-definition"; name = libedit.3.0.tbd; path = usr/lib/libedit.3.0.tbd; sourceTree = SDKROOT; };
		3E3DDE7E1F46863A00639644 /* OEC64SystemResponderClient.h */ = {isa = PBXFileReference; fileEncoding = 4; lastKnownFileType = sourcecode.c.h; name = OEC64SystemResponderClient.h; path = "../../OpenEmu/Commodore 64/OEC64SystemResponderClient.h"; sourceTree = "<group>"; };
		3E3DDE841F4733E400639644 /* sound.c */ = {isa = PBXFileReference; fileEncoding = 4; lastKnownFileType = sourcecode.c.c; path = sound.c; sourceTree = "<group>"; };
		3E3DDE861F4734BE00639644 /* OESound.h */ = {isa = PBXFileReference; lastKnownFileType = sourcecode.c.h; path = OESound.h; sourceTree = "<group>"; };
		3E6E5DD51F17198A007FEF0A /* archdep.h */ = {isa = PBXFileReference; fileEncoding = 4; lastKnownFileType = sourcecode.c.h; path = archdep.h; sourceTree = "<group>"; };
		3E6E5DD61F17198A007FEF0A /* archdep+private.h */ = {isa = PBXFileReference; fileEncoding = 4; lastKnownFileType = sourcecode.c.h; path = "archdep+private.h"; sourceTree = "<group>"; };
		3E6E5DD71F17198A007FEF0A /* archdep.m */ = {isa = PBXFileReference; fileEncoding = 4; lastKnownFileType = sourcecode.c.objc; path = archdep.m; sourceTree = "<group>"; };
		3E6E5E3B1F17301C007FEF0A /* libedit.3.tbd */ = {isa = PBXFileReference; lastKnownFileType = "sourcecode.text-based-dylib-definition"; name = libedit.3.tbd; path = usr/lib/libedit.3.tbd; sourceTree = SDKROOT; };
		3EDA96DB1F19560C0015CED2 /* VICE.oecoreplugin */ = {isa = PBXFileReference; explicitFileType = wrapper.cfbundle; includeInIndex = 0; path = VICE.oecoreplugin; sourceTree = BUILT_PRODUCTS_DIR; };
		3EDA98AC1F197B540015CED2 /* OpenEmuBase.framework */ = {isa = PBXFileReference; lastKnownFileType = wrapper.framework; name = OpenEmuBase.framework; path = "../../Library/Developer/Xcode/DerivedData/OpenEmu-daupfkdcntzkhycxsuyuvqosnsbs/Build/Products/Debug/OpenEmuBase.framework"; sourceTree = "<group>"; };
		3EDA98AD1F197B540015CED2 /* OpenEmuSystem.framework */ = {isa = PBXFileReference; lastKnownFileType = wrapper.framework; name = OpenEmuSystem.framework; path = "../../Library/Developer/Xcode/DerivedData/OpenEmu-daupfkdcntzkhycxsuyuvqosnsbs/Build/Products/Debug/OpenEmuSystem.framework"; sourceTree = "<group>"; };
		3EDA98B01F197B770015CED2 /* Cocoa.framework */ = {isa = PBXFileReference; lastKnownFileType = wrapper.framework; name = Cocoa.framework; path = System/Library/Frameworks/Cocoa.framework; sourceTree = SDKROOT; };
		3EEBADA21F43793F00E0340A /* libCommon.a */ = {isa = PBXFileReference; lastKnownFileType = archive.ar; name = libCommon.a; path = "../../../../Library/Developer/Xcode/DerivedData/OpenEmu-aagogyswivhduzfmpefjfxkwlaav/Build/Products/Debug/libCommon.a"; sourceTree = "<group>"; };
		87BEF9312175226000E38B38 /* Info.plist */ = {isa = PBXFileReference; fileEncoding = 4; lastKnownFileType = text.plist.xml; path = Info.plist; sourceTree = SOURCE_ROOT; };
		EE0D6E65228C9F3500D721E9 /* coproc.h */ = {isa = PBXFileReference; fileEncoding = 4; lastKnownFileType = sourcecode.c.h; path = coproc.h; sourceTree = "<group>"; };
		EE0D6E66228C9F3500D721E9 /* mousedrv.h */ = {isa = PBXFileReference; fileEncoding = 4; lastKnownFileType = sourcecode.c.h; path = mousedrv.h; sourceTree = "<group>"; };
		EE0D700B228DA44100D721E9 /* osx_sym_de.vkm */ = {isa = PBXFileReference; lastKnownFileType = text; path = osx_sym_de.vkm; sourceTree = "<group>"; };
		EE0D700C228DA44100D721E9 /* osx_sym.vkm */ = {isa = PBXFileReference; lastKnownFileType = text; path = osx_sym.vkm; sourceTree = "<group>"; };
		EE0D700D228DA44200D721E9 /* osx_pos.vkm */ = {isa = PBXFileReference; lastKnownFileType = text; path = osx_pos.vkm; sourceTree = "<group>"; };
		EE0D7145228DDE9900D721E9 /* blockdev.c */ = {isa = PBXFileReference; fileEncoding = 4; lastKnownFileType = sourcecode.c.c; path = blockdev.c; sourceTree = "<group>"; };
		EE0D714C228DE1FC00D721E9 /* coproc.c */ = {isa = PBXFileReference; fileEncoding = 4; lastKnownFileType = sourcecode.c.c; path = coproc.c; sourceTree = "<group>"; };
		EEAF0A71228C6D4100F0AE42 /* signals.m */ = {isa = PBXFileReference; fileEncoding = 4; lastKnownFileType = sourcecode.c.objc; path = signals.m; sourceTree = "<group>"; };
		EEAF0D73228C805300F0AE42 /* mousedrv.c */ = {isa = PBXFileReference; fileEncoding = 4; lastKnownFileType = sourcecode.c.c; path = mousedrv.c; sourceTree = "<group>"; };
/* End PBXFileReference section */

/* Begin PBXFrameworksBuildPhase section */
		3EDA96801F19560C0015CED2 /* Frameworks */ = {
			isa = PBXFrameworksBuildPhase;
			buildActionMask = 2147483647;
			files = (
				3EDA96821F19560C0015CED2 /* libedit.3.0.tbd in Frameworks */,
				3EDA96831F19560C0015CED2 /* libz.tbd in Frameworks */,
				3EDA96841F19560C0015CED2 /* libstdc++.tbd in Frameworks */,
				3EDA96851F19560C0015CED2 /* OpenEmuBase.framework in Frameworks */,
			);
			runOnlyForDeploymentPostprocessing = 0;
		};
/* End PBXFrameworksBuildPhase section */

/* Begin PBXGroup section */
		0596038F1C3B6E81005C174C = {
			isa = PBXGroup;
			children = (
				0598D2471C44BE2000E456A6 /* Core */,
				87BEF9302175212400E38B38 /* Resources */,
				059612CF1C3CEE6A005C174C /* Frameworks */,
				059603991C3B6E81005C174C /* Products */,
			);
			sourceTree = "<group>";
		};
		059603991C3B6E81005C174C /* Products */ = {
			isa = PBXGroup;
			children = (
				3EDA96DB1F19560C0015CED2 /* VICE.oecoreplugin */,
			);
			name = Products;
			sourceTree = "<group>";
		};
		059612CF1C3CEE6A005C174C /* Frameworks */ = {
			isa = PBXGroup;
			children = (
				3EEBADA21F43793F00E0340A /* libCommon.a */,
				3EDA98B01F197B770015CED2 /* Cocoa.framework */,
				3EDA98AC1F197B540015CED2 /* OpenEmuBase.framework */,
				3EDA98AD1F197B540015CED2 /* OpenEmuSystem.framework */,
				3E6E5E3B1F17301C007FEF0A /* libedit.3.tbd */,
				3E1BCCA31F16DA250022C2EF /* libedit.3.0.tbd */,
				0598D2561C44C38200E456A6 /* OpenEmuBase.framework */,
				059611FE1C3C4866005C174C /* libedit.tbd */,
				059611FC1C3C4846005C174C /* AudioToolbox.framework */,
				059611FA1C3C482C005C174C /* libstdc++.tbd */,
				059611F81C3C47FD005C174C /* libz.tbd */,
				059611F61C3C478E005C174C /* CoreAudio.framework */,
			);
			name = Frameworks;
			sourceTree = "<group>";
		};
		0598D2471C44BE2000E456A6 /* Core */ = {
			isa = PBXGroup;
			children = (
				3E3DDE7E1F46863A00639644 /* OEC64SystemResponderClient.h */,
				0598D2521C44C2CB00E456A6 /* Classes */,
			);
			path = Core;
			sourceTree = "<group>";
		};
		0598D2521C44C2CB00E456A6 /* Classes */ = {
			isa = PBXGroup;
			children = (
				EE0D6E61228C9E4700D721E9 /* archdep */,
				0598D2581C44DF3200E456A6 /* support */,
				0598D2531C44C2FB00E456A6 /* ViceGameCore.h */,
				0598D2541C44C2FB00E456A6 /* ViceGameCore.m */,
			);
			path = Classes;
			sourceTree = "<group>";
		};
		0598D2581C44DF3200E456A6 /* support */ = {
			isa = PBXGroup;
			children = (
				3E3DDE841F4733E400639644 /* sound.c */,
				EE0D700D228DA44200D721E9 /* osx_pos.vkm */,
				EE0D700B228DA44100D721E9 /* osx_sym_de.vkm */,
				EE0D700C228DA44100D721E9 /* osx_sym.vkm */,
				0558B2EC1C46BA5F00D6B7DA /* main_program.h */,
				0598D25D1C44DF9600E456A6 /* main_program.m */,
				052EF8621C4A2DB5009B8400 /* ui.h */,
				0598D2601C44DF9600E456A6 /* ui.c */,
				0558B2ED1C46BCA200D6B7DA /* vice_stubs.c */,
				0598D2641C44DF9600E456A6 /* video.c */,
				0598D2651C44DF9600E456A6 /* videoarch.h */,
				3E3DDE861F4734BE00639644 /* OESound.h */,
			);
			path = support;
			sourceTree = "<group>";
		};
		87BEF9302175212400E38B38 /* Resources */ = {
			isa = PBXGroup;
			children = (
				87BEF9312175226000E38B38 /* Info.plist */,
			);
			path = Resources;
			sourceTree = "<group>";
		};
		EE0D6E61228C9E4700D721E9 /* archdep */ = {
			isa = PBXGroup;
			children = (
				EE0D714C228DE1FC00D721E9 /* coproc.c */,
				EE0D7145228DDE9900D721E9 /* blockdev.c */,
				EE0D6E65228C9F3500D721E9 /* coproc.h */,
				EE0D6E66228C9F3500D721E9 /* mousedrv.h */,
				0558B2A81C46066200D6B7DA /* vsyncarch.m */,
				EEAF0D73228C805300F0AE42 /* mousedrv.c */,
				EEAF0A71228C6D4100F0AE42 /* signals.m */,
				0558B2F71C48BA1900D6B7DA /* joy.h */,
				3E6E5DD61F17198A007FEF0A /* archdep+private.h */,
				3E6E5DD51F17198A007FEF0A /* archdep.h */,
				3E6E5DD71F17198A007FEF0A /* archdep.m */,
				0598D2771C44E2FF00E456A6 /* kbd.h */,
				0598D25C1C44DF9600E456A6 /* kbd.c */,
			);
			path = archdep;
			sourceTree = "<group>";
		};
/* End PBXGroup section */

/* Begin PBXNativeTarget section */
		3EDA96361F19560C0015CED2 /* VICE */ = {
			isa = PBXNativeTarget;
			buildConfigurationList = 3EDA96D81F19560C0015CED2 /* Build configuration list for PBXNativeTarget "VICE" */;
			buildPhases = (
				3EDA967B1F19560C0015CED2 /* Sources */,
				3EDA96801F19560C0015CED2 /* Frameworks */,
				3EDA96861F19560C0015CED2 /* Resources */,
				3EDA96881F19560C0015CED2 /* Copy C64 ROM Files */,
				3EDA96A41F19560C0015CED2 /* Copy Drive ROM Files */,
			);
			buildRules = (
			);
			dependencies = (
			);
			name = VICE;
			productName = VICE;
			productReference = 3EDA96DB1F19560C0015CED2 /* VICE.oecoreplugin */;
			productType = "com.apple.product-type.bundle";
		};
/* End PBXNativeTarget section */

/* Begin PBXProject section */
		059603901C3B6E81005C174C /* Project object */ = {
			isa = PBXProject;
			attributes = {
				LastSwiftUpdateCheck = 0720;
				LastUpgradeCheck = 0720;
				ORGANIZATIONNAME = "Stuart Carnie";
				TargetAttributes = {
					0598D2791C44E5F400E456A6 = {
						CreatedOnToolsVersion = 7.2;
					};
				};
			};
			buildConfigurationList = 059603931C3B6E81005C174C /* Build configuration list for PBXProject "VICE" */;
			compatibilityVersion = "Xcode 6.3";
			developmentRegion = English;
			hasScannedForEncodings = 0;
			knownRegions = (
				en,
				Base,
				English,
			);
			mainGroup = 0596038F1C3B6E81005C174C;
			productRefGroup = 059603991C3B6E81005C174C /* Products */;
			projectDirPath = "";
			projectRoot = "";
			targets = (
				3EDA96361F19560C0015CED2 /* VICE */,
				0598D2791C44E5F400E456A6 /* Build and Install VICE */,
			);
		};
/* End PBXProject section */

/* Begin PBXResourcesBuildPhase section */
		3EDA96861F19560C0015CED2 /* Resources */ = {
			isa = PBXResourcesBuildPhase;
			buildActionMask = 2147483647;
			files = (
			);
			runOnlyForDeploymentPostprocessing = 0;
		};
/* End PBXResourcesBuildPhase section */

/* Begin PBXShellScriptBuildPhase section */
		0598D27F1C44E60300E456A6 /* ShellScript */ = {
			isa = PBXShellScriptBuildPhase;
			buildActionMask = 2147483647;
			files = (
			);
			inputPaths = (
			);
			outputPaths = (
			);
			runOnlyForDeploymentPostprocessing = 0;
			shellPath = /bin/sh;
			shellScript = "mkdir -p \"$USER_LIBRARY_DIR/Application Support/OpenEmu/Cores\"\nrm -rf \"$USER_LIBRARY_DIR/Application Support/OpenEmu/Cores/$PROJECT_NAME.oecoreplugin\"{,.dSYM}\ncp -rf \"$BUILT_PRODUCTS_DIR/$PROJECT_NAME.oecoreplugin\"{,.dSYM} \"$USER_LIBRARY_DIR/Application Support/OpenEmu/Cores/\"\n";
		};
/* End PBXShellScriptBuildPhase section */

/* Begin PBXSourcesBuildPhase section */
		3EDA967B1F19560C0015CED2 /* Sources */ = {
			isa = PBXSourcesBuildPhase;
			buildActionMask = 2147483647;
			files = (
				EE0D6E7D228CABF400D721E9 /* main_program.m in Sources */,
				3EDA967D1F19560C0015CED2 /* vice_stubs.c in Sources */,
				3EDA967E1F19560C0015CED2 /* ViceGameCore.m in Sources */,
			);
			runOnlyForDeploymentPostprocessing = 0;
		};
/* End PBXSourcesBuildPhase section */

/* Begin PBXTargetDependency section */
		3EEBAD9F1F4374EA00E0340A /* PBXTargetDependency */ = {
			isa = PBXTargetDependency;
			target = 3EDA96361F19560C0015CED2 /* VICE */;
			targetProxy = 3EEBAD9E1F4374EA00E0340A /* PBXContainerItemProxy */;
		};
/* End PBXTargetDependency section */

/* Begin XCBuildConfiguration section */
		059603A71C3B6E81005C174C /* Debug */ = {
			isa = XCBuildConfiguration;
			buildSettings = {
				ALWAYS_SEARCH_USER_PATHS = NO;
				CLANG_CXX_LANGUAGE_STANDARD = "c++14";
				CLANG_CXX_LIBRARY = "libc++";
				CLANG_ENABLE_MODULES = YES;
				CLANG_ENABLE_OBJC_ARC = YES;
				CLANG_WARN_BOOL_CONVERSION = YES;
				CLANG_WARN_CONSTANT_CONVERSION = YES;
				CLANG_WARN_DIRECT_OBJC_ISA_USAGE = YES_ERROR;
				CLANG_WARN_EMPTY_BODY = YES;
				CLANG_WARN_ENUM_CONVERSION = YES;
				CLANG_WARN_INT_CONVERSION = YES;
				CLANG_WARN_OBJC_ROOT_CLASS = YES_ERROR;
				CLANG_WARN_UNREACHABLE_CODE = YES;
				CLANG_WARN__DUPLICATE_METHOD_MATCH = YES;
				COPY_PHASE_STRIP = NO;
				DEBUG_INFORMATION_FORMAT = dwarf;
				ENABLE_STRICT_OBJC_MSGSEND = YES;
				ENABLE_TESTABILITY = YES;
				GCC_C_LANGUAGE_STANDARD = gnu99;
				GCC_DYNAMIC_NO_PIC = NO;
				GCC_INPUT_FILETYPE = automatic;
				GCC_NO_COMMON_BLOCKS = YES;
				GCC_OPTIMIZATION_LEVEL = 0;
				GCC_PREPROCESSOR_DEFINITIONS = (
					"MACOSX_SUPPORT=1",
					"DEBUG=1",
				);
				GCC_WARN_64_TO_32_BIT_CONVERSION = NO;
				GCC_WARN_ABOUT_RETURN_TYPE = YES_ERROR;
				GCC_WARN_UNDECLARED_SELECTOR = YES;
				GCC_WARN_UNINITIALIZED_AUTOS = YES_AGGRESSIVE;
				GCC_WARN_UNUSED_FUNCTION = YES;
				GCC_WARN_UNUSED_VARIABLE = YES;
				HEADER_SEARCH_PATHS = (
					"$(SRCROOT)/vice/src",
					"$(SRCROOT)/Core/Classes/cfgfiles",
				);
				MACOSX_DEPLOYMENT_TARGET = 10.11;
				MTL_ENABLE_DEBUG_INFO = YES;
				ONLY_ACTIVE_ARCH = YES;
				SDKROOT = macosx;
				VALID_ARCHS = x86_64;
			};
			name = Debug;
		};
		059603A81C3B6E81005C174C /* Release */ = {
			isa = XCBuildConfiguration;
			buildSettings = {
				ALWAYS_SEARCH_USER_PATHS = NO;
				CLANG_CXX_LANGUAGE_STANDARD = "c++14";
				CLANG_CXX_LIBRARY = "libc++";
				CLANG_ENABLE_MODULES = YES;
				CLANG_ENABLE_OBJC_ARC = YES;
				CLANG_WARN_BOOL_CONVERSION = YES;
				CLANG_WARN_CONSTANT_CONVERSION = YES;
				CLANG_WARN_DIRECT_OBJC_ISA_USAGE = YES_ERROR;
				CLANG_WARN_EMPTY_BODY = YES;
				CLANG_WARN_ENUM_CONVERSION = YES;
				CLANG_WARN_INT_CONVERSION = YES;
				CLANG_WARN_OBJC_ROOT_CLASS = YES_ERROR;
				CLANG_WARN_UNREACHABLE_CODE = YES;
				CLANG_WARN__DUPLICATE_METHOD_MATCH = YES;
				COPY_PHASE_STRIP = NO;
				DEBUG_INFORMATION_FORMAT = "dwarf-with-dsym";
				ENABLE_NS_ASSERTIONS = NO;
				ENABLE_STRICT_OBJC_MSGSEND = YES;
				GCC_C_LANGUAGE_STANDARD = gnu99;
				GCC_INPUT_FILETYPE = automatic;
				GCC_NO_COMMON_BLOCKS = YES;
				GCC_PREPROCESSOR_DEFINITIONS = "MACOSX_SUPPORT=1";
				GCC_WARN_64_TO_32_BIT_CONVERSION = NO;
				GCC_WARN_ABOUT_RETURN_TYPE = YES_ERROR;
				GCC_WARN_UNDECLARED_SELECTOR = YES;
				GCC_WARN_UNINITIALIZED_AUTOS = YES_AGGRESSIVE;
				GCC_WARN_UNUSED_FUNCTION = YES;
				GCC_WARN_UNUSED_VARIABLE = YES;
				HEADER_SEARCH_PATHS = (
					"$(SRCROOT)/vice/src",
					"$(SRCROOT)/Core/Classes/cfgfiles",
				);
				MACOSX_DEPLOYMENT_TARGET = 10.11;
				MTL_ENABLE_DEBUG_INFO = NO;
				SDKROOT = macosx;
				VALID_ARCHS = x86_64;
			};
			name = Release;
		};
		0598D27B1C44E5F400E456A6 /* Debug */ = {
			isa = XCBuildConfiguration;
			buildSettings = {
				PRODUCT_NAME = "$(TARGET_NAME)";
			};
			name = Debug;
		};
		0598D27C1C44E5F400E456A6 /* Release */ = {
			isa = XCBuildConfiguration;
			buildSettings = {
				PRODUCT_NAME = "$(TARGET_NAME)";
			};
			name = Release;
		};
		3EDA96D91F19560C0015CED2 /* Debug */ = {
			isa = XCBuildConfiguration;
			buildSettings = {
				ALWAYS_SEARCH_USER_PATHS = NO;
				COMBINE_HIDPI_IMAGES = YES;
				DEBUG_INFORMATION_FORMAT = "dwarf-with-dsym";
				GCC_C_LANGUAGE_STANDARD = "compiler-default";
				GCC_WARN_64_TO_32_BIT_CONVERSION = YES;
				HEADER_SEARCH_PATHS = (
					"$(SRCROOT)/Core/Classes/cfgfiles",
					"$(SRCROOT)/Core/Classes/support",
					"\"$(SRCROOT)/vice/src\"",
					"\"$(SRCROOT)/vice/src/core\"",
					"\"$(SRCROOT)/vice/src/samplerdrv\"",
					"$(SRCROOT)/vice/src/sid",
					"$(SRCROOT)/vice/src/tapeport",
					"$(SRCROOT)/vice/src/joyport",
					"$(SRCROOT)/vice/src/video",
					"\"$(SRCROOT)/vice/src/vicii\"",
					"\"$(SRCROOT)/vice/src/drive\"",
					"\"$(SRCROOT)/vice/src/userport\"",
					"\"$(SRCROOT)/vice/src/tape\"",
					"\"$(SRCROOT)/vice/src/c64/cart\"",
					"\"$(SRCROOT)/vice/src/lib/p64\"",
					"\"$(SRCROOT)/vice/src/drive/iec/c64exp\"",
				);
				INFOPLIST_FILE = Info.plist;
				INSTALL_PATH = "\"$(USER_LIBRARY_DIR)/Application Support/OpenEmu/Cores\"";
				PRECOMPS_INCLUDE_HEADERS_FROM_BUILT_PRODUCTS_DIR = YES;
				PRODUCT_BUNDLE_IDENTIFIER = "org.openemu.${PRODUCT_NAME:identifier}";
				PRODUCT_NAME = "$(TARGET_NAME)";
				SKIP_INSTALL = YES;
				USER_HEADER_SEARCH_PATHS = "$(SRCROOT)/Core";
				VALID_ARCHS = x86_64;
				WRAPPER_EXTENSION = oecoreplugin;
			};
			name = Debug;
		};
		3EDA96DA1F19560C0015CED2 /* Release */ = {
			isa = XCBuildConfiguration;
			buildSettings = {
				ALWAYS_SEARCH_USER_PATHS = NO;
				COMBINE_HIDPI_IMAGES = YES;
				GCC_C_LANGUAGE_STANDARD = "compiler-default";
				GCC_OPTIMIZATION_LEVEL = 3;
				GCC_WARN_64_TO_32_BIT_CONVERSION = YES;
				HEADER_SEARCH_PATHS = (
					"$(SRCROOT)/Core/Classes/cfgfiles",
					"$(SRCROOT)/Core/Classes/support",
					"\"$(SRCROOT)/vice/src\"",
					"\"$(SRCROOT)/vice/src/core\"",
					"\"$(SRCROOT)/vice/src/samplerdrv\"",
					"$(SRCROOT)/vice/src/sid",
					"$(SRCROOT)/vice/src/tapeport",
					"$(SRCROOT)/vice/src/joyport",
					"$(SRCROOT)/vice/src/video",
					"\"$(SRCROOT)/vice/src/vicii\"",
					"\"$(SRCROOT)/vice/src/drive\"",
					"\"$(SRCROOT)/vice/src/userport\"",
					"\"$(SRCROOT)/vice/src/tape\"",
					"\"$(SRCROOT)/vice/src/c64/cart\"",
					"\"$(SRCROOT)/vice/src/lib/p64\"",
					"\"$(SRCROOT)/vice/src/drive/iec/c64exp\"",
				);
				INFOPLIST_FILE = Info.plist;
				INSTALL_PATH = "\"$(USER_LIBRARY_DIR)/Application Support/OpenEmu/Cores\"";
				PRECOMPS_INCLUDE_HEADERS_FROM_BUILT_PRODUCTS_DIR = YES;
				PRODUCT_BUNDLE_IDENTIFIER = "org.openemu.${PRODUCT_NAME:identifier}";
				PRODUCT_NAME = "$(TARGET_NAME)";
				SKIP_INSTALL = YES;
				USER_HEADER_SEARCH_PATHS = "$(SRCROOT)/Core";
				VALID_ARCHS = x86_64;
				WRAPPER_EXTENSION = oecoreplugin;
			};
			name = Release;
		};
/* End XCBuildConfiguration section */

/* Begin XCConfigurationList section */
		059603931C3B6E81005C174C /* Build configuration list for PBXProject "VICE" */ = {
			isa = XCConfigurationList;
			buildConfigurations = (
				059603A71C3B6E81005C174C /* Debug */,
				059603A81C3B6E81005C174C /* Release */,
			);
			defaultConfigurationIsVisible = 0;
			defaultConfigurationName = Release;
		};
		0598D27A1C44E5F400E456A6 /* Build configuration list for PBXAggregateTarget "Build and Install VICE" */ = {
			isa = XCConfigurationList;
			buildConfigurations = (
				0598D27B1C44E5F400E456A6 /* Debug */,
				0598D27C1C44E5F400E456A6 /* Release */,
			);
			defaultConfigurationIsVisible = 0;
			defaultConfigurationName = Release;
		};
		3EDA96D81F19560C0015CED2 /* Build configuration list for PBXNativeTarget "VICE" */ = {
			isa = XCConfigurationList;
			buildConfigurations = (
				3EDA96D91F19560C0015CED2 /* Debug */,
				3EDA96DA1F19560C0015CED2 /* Release */,
			);
			defaultConfigurationIsVisible = 0;
			defaultConfigurationName = Release;
		};
/* End XCConfigurationList section */
	};
	rootObject = 059603901C3B6E81005C174C /* Project object */;
}
